// !$*UTF8*$!
{
	archiveVersion = 1;
	classes = {
	};
	objectVersion = 56;
	objects = {

/* Begin PBXBuildFile section */
		5131AC4229D4631400F5F4EE /* FirstHalfView.swift in Sources */ = {isa = PBXBuildFile; fileRef = 5131AC4129D4631400F5F4EE /* FirstHalfView.swift */; };
		5131AC4629D481A000F5F4EE /* FirstHalfView2.swift in Sources */ = {isa = PBXBuildFile; fileRef = 5131AC4529D481A000F5F4EE /* FirstHalfView2.swift */; };
		5131AC4A29D5588600F5F4EE /* SoundSetting.swift in Sources */ = {isa = PBXBuildFile; fileRef = 5131AC4729D5588600F5F4EE /* SoundSetting.swift */; };
		5131AC4B29D5588600F5F4EE /* SoundList.swift in Sources */ = {isa = PBXBuildFile; fileRef = 5131AC4829D5588600F5F4EE /* SoundList.swift */; };
		5131AC4C29D5588600F5F4EE /* video.mp4 in Resources */ = {isa = PBXBuildFile; fileRef = 5131AC4929D5588600F5F4EE /* video.mp4 */; };
		7E3C9DCF29D3D4980047D6D6 /* BattleSceneBackground.swift in Sources */ = {isa = PBXBuildFile; fileRef = 7E3C9DCE29D3D4980047D6D6 /* BattleSceneBackground.swift */; };
		7EBC321C29D454010052D98B /* TypeEffectModifier.swift in Sources */ = {isa = PBXBuildFile; fileRef = 7EBC321B29D454010052D98B /* TypeEffectModifier.swift */; };
		7EC6D5B729D42D860060134F /* ShakeEffect.swift in Sources */ = {isa = PBXBuildFile; fileRef = 7EC6D5B629D42D860060134F /* ShakeEffect.swift */; };
		7EC6D5B929D434560060134F /* ParticleEffect.swift in Sources */ = {isa = PBXBuildFile; fileRef = 7EC6D5B829D434560060134F /* ParticleEffect.swift */; };
		7EC8EFF429D2CC17009595D6 /* TestTestView.swift in Sources */ = {isa = PBXBuildFile; fileRef = 7EC8EFF329D2CC17009595D6 /* TestTestView.swift */; };
		7EE05D6429D46A4E0095A3B9 /* TemplateView.swift in Sources */ = {isa = PBXBuildFile; fileRef = 7EE05D6329D46A4E0095A3B9 /* TemplateView.swift */; };
		86AB2D0729D3DD22000F3D06 /* BackgroundVideoView.swift in Sources */ = {isa = PBXBuildFile; fileRef = 86AB2D0629D3DD22000F3D06 /* BackgroundVideoView.swift */; };
		86AB2D0929D3DD26000F3D06 /* LoopingPlayerUIView.swift in Sources */ = {isa = PBXBuildFile; fileRef = 86AB2D0829D3DD26000F3D06 /* LoopingPlayerUIView.swift */; };
		86AB2D0F29D3DF0A000F3D06 /* video.mp4 in Resources */ = {isa = PBXBuildFile; fileRef = 86AB2D0E29D3DF0A000F3D06 /* video.mp4 */; };
		A91FD5EC29D55A94008A6053 /* Scene10.png in Resources */ = {isa = PBXBuildFile; fileRef = A91FD5E029D55A92008A6053 /* Scene10.png */; };
		A91FD5ED29D55A94008A6053 /* Scene9.mp4 in Resources */ = {isa = PBXBuildFile; fileRef = A91FD5E129D55A92008A6053 /* Scene9.mp4 */; };
		A91FD5EE29D55A94008A6053 /* Scene5.png in Resources */ = {isa = PBXBuildFile; fileRef = A91FD5E229D55A92008A6053 /* Scene5.png */; };
		A91FD5EF29D55A94008A6053 /* Scene3.png in Resources */ = {isa = PBXBuildFile; fileRef = A91FD5E329D55A92008A6053 /* Scene3.png */; };
		A91FD5F029D55A94008A6053 /* Scene14.mp4 in Resources */ = {isa = PBXBuildFile; fileRef = A91FD5E429D55A93008A6053 /* Scene14.mp4 */; };
		A91FD5F129D55A94008A6053 /* Scene6_요정아빠_로고.png in Resources */ = {isa = PBXBuildFile; fileRef = A91FD5E529D55A93008A6053 /* Scene6_요정아빠_로고.png */; };
		A91FD5F229D55A94008A6053 /* Scene17.mp4 in Resources */ = {isa = PBXBuildFile; fileRef = A91FD5E629D55A93008A6053 /* Scene17.mp4 */; };
		A91FD5F329D55A94008A6053 /* Scene0.mp4 in Resources */ = {isa = PBXBuildFile; fileRef = A91FD5E729D55A93008A6053 /* Scene0.mp4 */; };
		A91FD5F429D55A94008A6053 /* Scene13.mp4 in Resources */ = {isa = PBXBuildFile; fileRef = A91FD5E829D55A93008A6053 /* Scene13.mp4 */; };
		A91FD5F529D55A94008A6053 /* Scene4.png in Resources */ = {isa = PBXBuildFile; fileRef = A91FD5E929D55A93008A6053 /* Scene4.png */; };
		A91FD5F629D55A94008A6053 /* Scene6.mp4 in Resources */ = {isa = PBXBuildFile; fileRef = A91FD5EA29D55A94008A6053 /* Scene6.mp4 */; };
		A91FD5F729D55A94008A6053 /* Scene7,8.mp4 in Resources */ = {isa = PBXBuildFile; fileRef = A91FD5EB29D55A94008A6053 /* Scene7,8.mp4 */; };
		A91FD60029D55AB0008A6053 /* Scene5.mp4 in Resources */ = {isa = PBXBuildFile; fileRef = A91FD5FA29D55AB0008A6053 /* Scene5.mp4 */; };
		A91FD60129D55AB0008A6053 /* Scene4.mp4 in Resources */ = {isa = PBXBuildFile; fileRef = A91FD5FB29D55AB0008A6053 /* Scene4.mp4 */; };
		A91FD60229D55AB0008A6053 /* Scene3.mp4 in Resources */ = {isa = PBXBuildFile; fileRef = A91FD5FC29D55AB0008A6053 /* Scene3.mp4 */; };
		A91FD60329D55AB0008A6053 /* Scene1.png in Resources */ = {isa = PBXBuildFile; fileRef = A91FD5FD29D55AB0008A6053 /* Scene1.png */; };
		A91FD60429D55AB0008A6053 /* Scene2.jpeg in Resources */ = {isa = PBXBuildFile; fileRef = A91FD5FE29D55AB0008A6053 /* Scene2.jpeg */; };
		A91FD68D29D56459008A6053 /* 전투7.효과는 굉장했다- 복사본.mp3 in Resources */ = {isa = PBXBuildFile; fileRef = A91FD66029D56458008A6053 /* 전투7.효과는 굉장했다- 복사본.mp3 */; };
		A91FD68E29D56459008A6053 /* 0.죽어라 닝겐.mp3 in Resources */ = {isa = PBXBuildFile; fileRef = A91FD66129D56458008A6053 /* 0.죽어라 닝겐.mp3 */; };
		A91FD68F29D56459008A6053 /* 섭11.솔루션 보스는 처참하게 쓰러졌다-.mp3 in Resources */ = {isa = PBXBuildFile; fileRef = A91FD66229D56458008A6053 /* 섭11.솔루션 보스는 처참하게 쓰러졌다-.mp3 */; };
		A91FD69029D56459008A6053 /* 섭4.다행히 우리는 설문지 보스를 해치우고 5개의 무기를 얻을 수 있었다-.mp3 in Resources */ = {isa = PBXBuildFile; fileRef = A91FD66329D56458008A6053 /* 섭4.다행히 우리는 설문지 보스를 해치우고 5개의 무기를 얻을 수 있었다-.mp3 */; };
		A91FD69129D56459008A6053 /* 전투9.두잇투잇 팀은 최후의 일격을 날렸다- 거리낌 없이 물어보자-.mp3 in Resources */ = {isa = PBXBuildFile; fileRef = A91FD66429D56458008A6053 /* 전투9.두잇투잇 팀은 최후의 일격을 날렸다- 거리낌 없이 물어보자-.mp3 */; };
		A91FD69229D56459008A6053 /* 섭8.하하- 구피와 제리를 예비군으로 잡아가겠다-.mp3 in Resources */ = {isa = PBXBuildFile; fileRef = A91FD66529D56458008A6053 /* 섭8.하하- 구피와 제리를 예비군으로 잡아가겠다-.mp3 */; };
		A91FD69329D56459008A6053 /* 섭6.그 순간-- 복사본.mp3 in Resources */ = {isa = PBXBuildFile; fileRef = A91FD66629D56458008A6053 /* 섭6.그 순간-- 복사본.mp3 */; };
		A91FD69429D56459008A6053 /* 2.두잇투잇과 함께하는?CBL 여정을 시작하실래용-.mp3 in Resources */ = {isa = PBXBuildFile; fileRef = A91FD66729D56458008A6053 /* 2.두잇투잇과 함께하는?CBL 여정을 시작하실래용-.mp3 */; };
		A91FD69529D56459008A6053 /* 15.그 순간--.mp3 in Resources */ = {isa = PBXBuildFile; fileRef = A91FD66829D56458008A6053 /* 15.그 순간--.mp3 */; };
		A91FD69629D56459008A6053 /* 13.오- 좋은데요- 바로 가시죠-.mp3 in Resources */ = {isa = PBXBuildFile; fileRef = A91FD66929D56458008A6053 /* 13.오- 좋은데요- 바로 가시죠-.mp3 */; };
		A91FD69729D56459008A6053 /* 11.앗- 두 갈림길이다-.mp3 in Resources */ = {isa = PBXBuildFile; fileRef = A91FD66A29D56458008A6053 /* 11.앗- 두 갈림길이다-.mp3 */; };
		A91FD69829D56459008A6053 /* 3.엇- 여긴- 어디지--.mp3 in Resources */ = {isa = PBXBuildFile; fileRef = A91FD66B29D56458008A6053 /* 3.엇- 여긴- 어디지--.mp3 */; };
		A91FD69929D56459008A6053 /* 12.흠흠- 저희 지금까지 질문만 했는데- 이번엔 솔루션의 길로 가볼까요-.mp3 in Resources */ = {isa = PBXBuildFile; fileRef = A91FD66C29D56458008A6053 /* 12.흠흠- 저희 지금까지 질문만 했는데- 이번엔 솔루션의 길로 가볼까요-.mp3 */; };
		A91FD69A29D56459008A6053 /* 섭3.설문지 보스는 별안간 체력을 회복하며 -솔루션 보스-가 되어버리고 말았다-.mp3 in Resources */ = {isa = PBXBuildFile; fileRef = A91FD66D29D56458008A6053 /* 섭3.설문지 보스는 별안간 체력을 회복하며 -솔루션 보스-가 되어버리고 말았다-.mp3 */; };
		A91FD69B29D56459008A6053 /* 5.안녕하세요-- 제 이름은-- 썹 입니다-- 저 말고도 다른 분들이 계셨다니-- 이곳은 도대체 어디인가요-.mp3 in Resources */ = {isa = PBXBuildFile; fileRef = A91FD66E29D56458008A6053 /* 5.안녕하세요-- 제 이름은-- 썹 입니다-- 저 말고도 다른 분들이 계셨다니-- 이곳은 도대체 어디인가요-.mp3 */; };
		A91FD69C29D56459008A6053 /* 섭0.몬스터를 해치우자- 설문지 보스가 등장했다-.mp3 in Resources */ = {isa = PBXBuildFile; fileRef = A91FD66F29D56458008A6053 /* 섭0.몬스터를 해치우자- 설문지 보스가 등장했다-.mp3 */; };
		A91FD69D29D56459008A6053 /* 10.던전에서의 첫째날- 우리는 던전의 주제인 -이세계-아카데미- 라이프-를 해결하기 위해 다같이 협력했다-.mp3 in Resources */ = {isa = PBXBuildFile; fileRef = A91FD67029D56458008A6053 /* 10.던전에서의 첫째날- 우리는 던전의 주제인 -이세계-아카데미- 라이프-를 해결하기 위해 다같이 협력했다-.mp3 */; };
		A91FD69E29D56459008A6053 /* 14.길을 걷는 내내 우리는 위화감에 휩싸였고 우리가 솔루션을 내기에 준비되지 않은 상태였다는 것을 깨달았다--.mp3 in Resources */ = {isa = PBXBuildFile; fileRef = A91FD67129D56458008A6053 /* 14.길을 걷는 내내 우리는 위화감에 휩싸였고 우리가 솔루션을 내기에 준비되지 않은 상태였다는 것을 깨달았다--.mp3 */; };
		A91FD69F29D56459008A6053 /* 섭2.설문지를 내고 우리는 챌린지를 구체화할 수 있을 것이라 생각했지만- .mp3 in Resources */ = {isa = PBXBuildFile; fileRef = A91FD67229D56458008A6053 /* 섭2.설문지를 내고 우리는 챌린지를 구체화할 수 있을 것이라 생각했지만- .mp3 */; };
		A91FD6A029D56459008A6053 /* 섭12.우리는 성공적으로 MC1의 솔루션 보스를 해치울 수 있었고- 이 소문은 빠르게 퍼져나갔다-.mp3 in Resources */ = {isa = PBXBuildFile; fileRef = A91FD67329D56458008A6053 /* 섭12.우리는 성공적으로 MC1의 솔루션 보스를 해치울 수 있었고- 이 소문은 빠르게 퍼져나갔다-.mp3 */; };
		A91FD6A129D56459008A6053 /* 섭2-1.우리는 설문지 항목을 작성하고 다른 이세계 주민들에게 도움을 요청했다-.mp3 in Resources */ = {isa = PBXBuildFile; fileRef = A91FD67429D56458008A6053 /* 섭2-1.우리는 설문지 항목을 작성하고 다른 이세계 주민들에게 도움을 요청했다-.mp3 */; };
		A91FD6A229D56459008A6053 /* 전투2.챌린지 몬스터가 과제 공격을 했다-.mp3 in Resources */ = {isa = PBXBuildFile; fileRef = A91FD67529D56459008A6053 /* 전투2.챌린지 몬스터가 과제 공격을 했다-.mp3 */; };
		A91FD6A329D56459008A6053 /* 전투4.효과는 굉장했다-.mp3 in Resources */ = {isa = PBXBuildFile; fileRef = A91FD67629D56459008A6053 /* 전투4.효과는 굉장했다-.mp3 */; };
		A91FD6A429D56459008A6053 /* 섭13알고보니 우리는 고작 MC1을 끝냈을 뿐이었다-- .mp3 in Resources */ = {isa = PBXBuildFile; fileRef = A91FD67729D56459008A6053 /* 섭13알고보니 우리는 고작 MC1을 끝냈을 뿐이었다-- .mp3 */; };
		A91FD6A529D56459008A6053 /* 17.우리는 길을 되돌아오며 무엇이 이세계 라이프에 필요한지- 우리가 진정으로 던져야 할 질문은 무엇이고 목적이 무엇인지 다시 정리할 수 있었다--.mp3 in Resources */ = {isa = PBXBuildFile; fileRef = A91FD67829D56459008A6053 /* 17.우리는 길을 되돌아오며 무엇이 이세계 라이프에 필요한지- 우리가 진정으로 던져야 할 질문은 무엇이고 목적이 무엇인지 다시 정리할 수 있었다--.mp3 */; };
		A91FD6A629D56459008A6053 /* 섭1.크하하- 챌린지를 이루고 싶다면 나를 감당해야 할 것이다--.mp3 in Resources */ = {isa = PBXBuildFile; fileRef = A91FD67929D56459008A6053 /* 섭1.크하하- 챌린지를 이루고 싶다면 나를 감당해야 할 것이다--.mp3 */; };
		A91FD6A729D56459008A6053 /* 섭7.앗- 솔루션 보스의 하수인- 굳건이가 나타났다-.mp3 in Resources */ = {isa = PBXBuildFile; fileRef = A91FD67A29D56459008A6053 /* 섭7.앗- 솔루션 보스의 하수인- 굳건이가 나타났다-.mp3 */; };
		A91FD6A829D56459008A6053 /* 섭14이세계의 모든 용사들도 이러한 과정을 겪고 있는 걸까-- 모두들- 잘 이겨내기를 바란다- .mp3 in Resources */ = {isa = PBXBuildFile; fileRef = A91FD67B29D56459008A6053 /* 섭14이세계의 모든 용사들도 이러한 과정을 겪고 있는 걸까-- 모두들- 잘 이겨내기를 바란다- .mp3 */; };
		A91FD6A929D56459008A6053 /* 섭13-1.응 아니야.mp3 in Resources */ = {isa = PBXBuildFile; fileRef = A91FD67C29D56459008A6053 /* 섭13-1.응 아니야.mp3 */; };
		A91FD6AA29D56459008A6053 /* 섭12-1-드디어- 이 던전의 끝이 보이고 있어요-- 다들 조금만 더-- .mp3 in Resources */ = {isa = PBXBuildFile; fileRef = A91FD67D29D56459008A6053 /* 섭12-1-드디어- 이 던전의 끝이 보이고 있어요-- 다들 조금만 더-- .mp3 */; };
		A91FD6AB29D56459008A6053 /* 4.앗- 이세계에 다른 용사가 떨어졌다- 당신의 이름은-.mp3 in Resources */ = {isa = PBXBuildFile; fileRef = A91FD67E29D56459008A6053 /* 4.앗- 이세계에 다른 용사가 떨어졌다- 당신의 이름은-.mp3 */; };
		A91FD6AC29D56459008A6053 /* 전투6.두잇투임 팀은 서로의 의견에 -귀엽게- 반박했다- 이미 존재하는 이세계 라이프 질문 채널의 한계는 무엇이고 왜 쓰는 걸까요--.mp3 in Resources */ = {isa = PBXBuildFile; fileRef = A91FD67F29D56459008A6053 /* 전투6.두잇투임 팀은 서로의 의견에 -귀엽게- 반박했다- 이미 존재하는 이세계 라이프 질문 채널의 한계는 무엇이고 왜 쓰는 걸까요--.mp3 */; };
		A91FD6AD29D56459008A6053 /* 전투추가1.두잇투잇 팀은 좌절하지 않았다-.mp3 in Resources */ = {isa = PBXBuildFile; fileRef = A91FD68029D56459008A6053 /* 전투추가1.두잇투잇 팀은 좌절하지 않았다-.mp3 */; };
		A91FD6AE29D56459008A6053 /* 9.우리는 곧바로 MC1 던전으로 들어갔다- 던전 안은 어둡고 조용했으나- 우리는 옆에 있는 우리를 믿고 더욱 깊게 걸어갈 수 있었다--제목없음.mp3 in Resources */ = {isa = PBXBuildFile; fileRef = A91FD68129D56459008A6053 /* 9.우리는 곧바로 MC1 던전으로 들어갔다- 던전 안은 어둡고 조용했으나- 우리는 옆에 있는 우리를 믿고 더욱 깊게 걸어갈 수 있었다--제목없음.mp3 */; };
		A91FD6AF29D56459008A6053 /* 전투추가2.챌린지로부터 도망칠 수는 없다--- 챌린지로부터 도망칠 수는 없다--- 챌린지로부터 도망칠 수는 없다--- 챌린지로부터 도망칠 수는 없다--- 챌린지로부터 도망칠 수는 없다--- 100만원-.mp3 in Resources */ = {isa = PBXBuildFile; fileRef = A91FD68229D56459008A6053 /* 전투추가2.챌린지로부터 도망칠 수는 없다--- 챌린지로부터 도망칠 수는 없다--- 챌린지로부터 도망칠 수는 없다--- 챌린지로부터 도망칠 수는 없다--- 챌린지로부터 도망칠 수는 없다--- 100만원-.mp3 */; };
		A91FD6B029D56459008A6053 /* 18.질문의 길은 사실 질문 지옥이었다.mp3 in Resources */ = {isa = PBXBuildFile; fileRef = A91FD68329D56459008A6053 /* 18.질문의 길은 사실 질문 지옥이었다.mp3 */; };
		A91FD6B129D56459008A6053 /* 섭10.우리는 잃었던 구피와 제리를 돌려받고- 솔루션 보스의 머리를?겨누고 있던 방아쇠를 당겼다-.mp3 in Resources */ = {isa = PBXBuildFile; fileRef = A91FD68429D56459008A6053 /* 섭10.우리는 잃었던 구피와 제리를 돌려받고- 솔루션 보스의 머리를?겨누고 있던 방아쇠를 당겼다-.mp3 */; };
		A91FD6B229D56459008A6053 /* 섭5.그중- 솔루션 보스를 공략할 수 있는 무기인 -랜덤만남 피스톨-로 약점을 겨누었다-.mp3 in Resources */ = {isa = PBXBuildFile; fileRef = A91FD68529D56459008A6053 /* 섭5.그중- 솔루션 보스를 공략할 수 있는 무기인 -랜덤만남 피스톨-로 약점을 겨누었다-.mp3 */; };
		A91FD6B329D56459008A6053 /* 전투1.앗 - 질문 지옥을 지배하는 챌린지 몬스터가 등장했다-.mp3 in Resources */ = {isa = PBXBuildFile; fileRef = A91FD68629D56459008A6053 /* 전투1.앗 - 질문 지옥을 지배하는 챌린지 몬스터가 등장했다-.mp3 */; };
		A91FD6B429D56459008A6053 /* 전투3.우리는 토론하기를 시전했다- -그럼 이세계 라이프에서만 가져갈 수 있는 것은 뭘까요---.mp3 in Resources */ = {isa = PBXBuildFile; fileRef = A91FD68729D56459008A6053 /* 전투3.우리는 토론하기를 시전했다- -그럼 이세계 라이프에서만 가져갈 수 있는 것은 뭘까요---.mp3 */; };
		A91FD6B529D56459008A6053 /* 전투10.와- 챌린지 몬스터를 해치웠다-.mp3 in Resources */ = {isa = PBXBuildFile; fileRef = A91FD68829D56459008A6053 /* 전투10.와- 챌린지 몬스터를 해치웠다-.mp3 */; };
		A91FD6B629D56459008A6053 /* 섭9.하하- 다시 돌려주겠다-.mp3 in Resources */ = {isa = PBXBuildFile; fileRef = A91FD68929D56459008A6053 /* 섭9.하하- 다시 돌려주겠다-.mp3 */; };
		A91FD6B729D56459008A6053 /* 전투5.챌린지 몬스터는 다시 한 번 과제 공격을 했다-.mp3 in Resources */ = {isa = PBXBuildFile; fileRef = A91FD68A29D56459008A6053 /* 전투5.챌린지 몬스터는 다시 한 번 과제 공격을 했다-.mp3 */; };
		A91FD6B829D56459008A6053 /* 전투8.챌린지 몬스터는 기절한 상태다-.mp3 in Resources */ = {isa = PBXBuildFile; fileRef = A91FD68B29D56459008A6053 /* 전투8.챌린지 몬스터는 기절한 상태다-.mp3 */; };
		A91FD6B929D56459008A6053 /* 1.크아악.mp3 in Resources */ = {isa = PBXBuildFile; fileRef = A91FD68C29D56459008A6053 /* 1.크아악.mp3 */; };
		AC12C02729D1DA660074C21C /* Text+Extension.swift in Sources */ = {isa = PBXBuildFile; fileRef = AC12C02629D1DA660074C21C /* Text+Extension.swift */; };
		AC12C02B29D1E7130074C21C /* BlinkingEffect.swift in Sources */ = {isa = PBXBuildFile; fileRef = AC12C02A29D1E7130074C21C /* BlinkingEffect.swift */; };
		AC12C02D29D1E77C0074C21C /* TypingEffect.swift in Sources */ = {isa = PBXBuildFile; fileRef = AC12C02C29D1E77C0074C21C /* TypingEffect.swift */; };
		AC8B8CF829D47B7500EBC649 /* SsupTemplateView.swift in Sources */ = {isa = PBXBuildFile; fileRef = AC8B8CF729D47B7500EBC649 /* SsupTemplateView.swift */; };
		ACDC653D29D217F500C6C12B /* SiriView.swift in Sources */ = {isa = PBXBuildFile; fileRef = ACDC653C29D217F500C6C12B /* SiriView.swift */; };
		ACDDC65A29D0AB7200404216 /* partTestApp.swift in Sources */ = {isa = PBXBuildFile; fileRef = ACDDC65929D0AB7200404216 /* partTestApp.swift */; };
		ACDDC65C29D0AB7200404216 /* ContentView.swift in Sources */ = {isa = PBXBuildFile; fileRef = ACDDC65B29D0AB7200404216 /* ContentView.swift */; };
		ACDDC65E29D0AB7300404216 /* Assets.xcassets in Resources */ = {isa = PBXBuildFile; fileRef = ACDDC65D29D0AB7300404216 /* Assets.xcassets */; };
		ACDDC66129D0AB7300404216 /* Preview Assets.xcassets in Resources */ = {isa = PBXBuildFile; fileRef = ACDDC66029D0AB7300404216 /* Preview Assets.xcassets */; };
/* End PBXBuildFile section */

/* Begin PBXFileReference section */
		5131AC4129D4631400F5F4EE /* FirstHalfView.swift */ = {isa = PBXFileReference; lastKnownFileType = sourcecode.swift; path = FirstHalfView.swift; sourceTree = "<group>"; };
		5131AC4529D481A000F5F4EE /* FirstHalfView2.swift */ = {isa = PBXFileReference; lastKnownFileType = sourcecode.swift; path = FirstHalfView2.swift; sourceTree = "<group>"; };
		5131AC4729D5588600F5F4EE /* SoundSetting.swift */ = {isa = PBXFileReference; fileEncoding = 4; lastKnownFileType = sourcecode.swift; path = SoundSetting.swift; sourceTree = "<group>"; };
		5131AC4829D5588600F5F4EE /* SoundList.swift */ = {isa = PBXFileReference; fileEncoding = 4; lastKnownFileType = sourcecode.swift; path = SoundList.swift; sourceTree = "<group>"; };
		5131AC4929D5588600F5F4EE /* video.mp4 */ = {isa = PBXFileReference; lastKnownFileType = file; path = video.mp4; sourceTree = "<group>"; };
		7E3C9DCE29D3D4980047D6D6 /* BattleSceneBackground.swift */ = {isa = PBXFileReference; lastKnownFileType = sourcecode.swift; path = BattleSceneBackground.swift; sourceTree = "<group>"; };
		7EBC321B29D454010052D98B /* TypeEffectModifier.swift */ = {isa = PBXFileReference; lastKnownFileType = sourcecode.swift; path = TypeEffectModifier.swift; sourceTree = "<group>"; };
		7EC6D5B629D42D860060134F /* ShakeEffect.swift */ = {isa = PBXFileReference; lastKnownFileType = sourcecode.swift; path = ShakeEffect.swift; sourceTree = "<group>"; };
		7EC6D5B829D434560060134F /* ParticleEffect.swift */ = {isa = PBXFileReference; lastKnownFileType = sourcecode.swift; path = ParticleEffect.swift; sourceTree = "<group>"; };
		7EC8EFF329D2CC17009595D6 /* TestTestView.swift */ = {isa = PBXFileReference; lastKnownFileType = sourcecode.swift; path = TestTestView.swift; sourceTree = "<group>"; };
		7EE05D6329D46A4E0095A3B9 /* TemplateView.swift */ = {isa = PBXFileReference; lastKnownFileType = sourcecode.swift; path = TemplateView.swift; sourceTree = "<group>"; };
		86AB2D0629D3DD22000F3D06 /* BackgroundVideoView.swift */ = {isa = PBXFileReference; lastKnownFileType = sourcecode.swift; path = BackgroundVideoView.swift; sourceTree = "<group>"; };
		86AB2D0829D3DD26000F3D06 /* LoopingPlayerUIView.swift */ = {isa = PBXFileReference; lastKnownFileType = sourcecode.swift; path = LoopingPlayerUIView.swift; sourceTree = "<group>"; };
		86AB2D0E29D3DF0A000F3D06 /* video.mp4 */ = {isa = PBXFileReference; lastKnownFileType = file; path = video.mp4; sourceTree = "<group>"; };
		A91FD5E029D55A92008A6053 /* Scene10.png */ = {isa = PBXFileReference; lastKnownFileType = image.png; path = Scene10.png; sourceTree = "<group>"; };
		A91FD5E129D55A92008A6053 /* Scene9.mp4 */ = {isa = PBXFileReference; lastKnownFileType = file; path = Scene9.mp4; sourceTree = "<group>"; };
		A91FD5E229D55A92008A6053 /* Scene5.png */ = {isa = PBXFileReference; lastKnownFileType = image.png; path = Scene5.png; sourceTree = "<group>"; };
		A91FD5E329D55A92008A6053 /* Scene3.png */ = {isa = PBXFileReference; lastKnownFileType = image.png; path = Scene3.png; sourceTree = "<group>"; };
		A91FD5E429D55A93008A6053 /* Scene14.mp4 */ = {isa = PBXFileReference; lastKnownFileType = file; path = Scene14.mp4; sourceTree = "<group>"; };
		A91FD5E529D55A93008A6053 /* Scene6_요정아빠_로고.png */ = {isa = PBXFileReference; lastKnownFileType = image.png; path = "Scene6_요정아빠_로고.png"; sourceTree = "<group>"; };
		A91FD5E629D55A93008A6053 /* Scene17.mp4 */ = {isa = PBXFileReference; lastKnownFileType = file; path = Scene17.mp4; sourceTree = "<group>"; };
		A91FD5E729D55A93008A6053 /* Scene0.mp4 */ = {isa = PBXFileReference; lastKnownFileType = file; path = Scene0.mp4; sourceTree = "<group>"; };
		A91FD5E829D55A93008A6053 /* Scene13.mp4 */ = {isa = PBXFileReference; lastKnownFileType = file; path = Scene13.mp4; sourceTree = "<group>"; };
		A91FD5E929D55A93008A6053 /* Scene4.png */ = {isa = PBXFileReference; lastKnownFileType = image.png; path = Scene4.png; sourceTree = "<group>"; };
		A91FD5EA29D55A94008A6053 /* Scene6.mp4 */ = {isa = PBXFileReference; lastKnownFileType = file; path = Scene6.mp4; sourceTree = "<group>"; };
		A91FD5EB29D55A94008A6053 /* Scene7,8.mp4 */ = {isa = PBXFileReference; lastKnownFileType = file; path = "Scene7,8.mp4"; sourceTree = "<group>"; };
		A91FD5FA29D55AB0008A6053 /* Scene5.mp4 */ = {isa = PBXFileReference; lastKnownFileType = file; path = Scene5.mp4; sourceTree = "<group>"; };
		A91FD5FB29D55AB0008A6053 /* Scene4.mp4 */ = {isa = PBXFileReference; lastKnownFileType = file; path = Scene4.mp4; sourceTree = "<group>"; };
		A91FD5FC29D55AB0008A6053 /* Scene3.mp4 */ = {isa = PBXFileReference; lastKnownFileType = file; path = Scene3.mp4; sourceTree = "<group>"; };
		A91FD5FD29D55AB0008A6053 /* Scene1.png */ = {isa = PBXFileReference; lastKnownFileType = image.png; path = Scene1.png; sourceTree = "<group>"; };
		A91FD5FE29D55AB0008A6053 /* Scene2.jpeg */ = {isa = PBXFileReference; lastKnownFileType = image.jpeg; path = Scene2.jpeg; sourceTree = "<group>"; };
		A91FD60529D55AC9008A6053 /* Scene6.mp4 */ = {isa = PBXFileReference; lastKnownFileType = file; name = Scene6.mp4; path = "../../../../../Desktop/영상/전투 후 (섭)/Scene6.mp4"; sourceTree = "<group>"; };
		A91FD66029D56458008A6053 /* 전투7.효과는 굉장했다- 복사본.mp3 */ = {isa = PBXFileReference; lastKnownFileType = audio.mp3; path = "전투7.효과는 굉장했다- 복사본.mp3"; sourceTree = "<group>"; };
		A91FD66129D56458008A6053 /* 0.죽어라 닝겐.mp3 */ = {isa = PBXFileReference; lastKnownFileType = audio.mp3; path = "0.죽어라 닝겐.mp3"; sourceTree = "<group>"; };
		A91FD66229D56458008A6053 /* 섭11.솔루션 보스는 처참하게 쓰러졌다-.mp3 */ = {isa = PBXFileReference; lastKnownFileType = audio.mp3; path = "섭11.솔루션 보스는 처참하게 쓰러졌다-.mp3"; sourceTree = "<group>"; };
		A91FD66329D56458008A6053 /* 섭4.다행히 우리는 설문지 보스를 해치우고 5개의 무기를 얻을 수 있었다-.mp3 */ = {isa = PBXFileReference; lastKnownFileType = audio.mp3; path = "섭4.다행히 우리는 설문지 보스를 해치우고 5개의 무기를 얻을 수 있었다-.mp3"; sourceTree = "<group>"; };
		A91FD66429D56458008A6053 /* 전투9.두잇투잇 팀은 최후의 일격을 날렸다- 거리낌 없이 물어보자-.mp3 */ = {isa = PBXFileReference; lastKnownFileType = audio.mp3; path = "전투9.두잇투잇 팀은 최후의 일격을 날렸다- 거리낌 없이 물어보자-.mp3"; sourceTree = "<group>"; };
		A91FD66529D56458008A6053 /* 섭8.하하- 구피와 제리를 예비군으로 잡아가겠다-.mp3 */ = {isa = PBXFileReference; lastKnownFileType = audio.mp3; path = "섭8.하하- 구피와 제리를 예비군으로 잡아가겠다-.mp3"; sourceTree = "<group>"; };
		A91FD66629D56458008A6053 /* 섭6.그 순간-- 복사본.mp3 */ = {isa = PBXFileReference; lastKnownFileType = audio.mp3; path = "섭6.그 순간-- 복사본.mp3"; sourceTree = "<group>"; };
		A91FD66729D56458008A6053 /* 2.두잇투잇과 함께하는?CBL 여정을 시작하실래용-.mp3 */ = {isa = PBXFileReference; lastKnownFileType = audio.mp3; path = "2.두잇투잇과 함께하는?CBL 여정을 시작하실래용-.mp3"; sourceTree = "<group>"; };
		A91FD66829D56458008A6053 /* 15.그 순간--.mp3 */ = {isa = PBXFileReference; lastKnownFileType = audio.mp3; path = "15.그 순간--.mp3"; sourceTree = "<group>"; };
		A91FD66929D56458008A6053 /* 13.오- 좋은데요- 바로 가시죠-.mp3 */ = {isa = PBXFileReference; lastKnownFileType = audio.mp3; path = "13.오- 좋은데요- 바로 가시죠-.mp3"; sourceTree = "<group>"; };
		A91FD66A29D56458008A6053 /* 11.앗- 두 갈림길이다-.mp3 */ = {isa = PBXFileReference; lastKnownFileType = audio.mp3; path = "11.앗- 두 갈림길이다-.mp3"; sourceTree = "<group>"; };
		A91FD66B29D56458008A6053 /* 3.엇- 여긴- 어디지--.mp3 */ = {isa = PBXFileReference; lastKnownFileType = audio.mp3; path = "3.엇- 여긴- 어디지--.mp3"; sourceTree = "<group>"; };
		A91FD66C29D56458008A6053 /* 12.흠흠- 저희 지금까지 질문만 했는데- 이번엔 솔루션의 길로 가볼까요-.mp3 */ = {isa = PBXFileReference; lastKnownFileType = audio.mp3; path = "12.흠흠- 저희 지금까지 질문만 했는데- 이번엔 솔루션의 길로 가볼까요-.mp3"; sourceTree = "<group>"; };
		A91FD66D29D56458008A6053 /* 섭3.설문지 보스는 별안간 체력을 회복하며 -솔루션 보스-가 되어버리고 말았다-.mp3 */ = {isa = PBXFileReference; lastKnownFileType = audio.mp3; path = "섭3.설문지 보스는 별안간 체력을 회복하며 -솔루션 보스-가 되어버리고 말았다-.mp3"; sourceTree = "<group>"; };
		A91FD66E29D56458008A6053 /* 5.안녕하세요-- 제 이름은-- 썹 입니다-- 저 말고도 다른 분들이 계셨다니-- 이곳은 도대체 어디인가요-.mp3 */ = {isa = PBXFileReference; lastKnownFileType = audio.mp3; path = "5.안녕하세요-- 제 이름은-- 썹 입니다-- 저 말고도 다른 분들이 계셨다니-- 이곳은 도대체 어디인가요-.mp3"; sourceTree = "<group>"; };
		A91FD66F29D56458008A6053 /* 섭0.몬스터를 해치우자- 설문지 보스가 등장했다-.mp3 */ = {isa = PBXFileReference; lastKnownFileType = audio.mp3; path = "섭0.몬스터를 해치우자- 설문지 보스가 등장했다-.mp3"; sourceTree = "<group>"; };
		A91FD67029D56458008A6053 /* 10.던전에서의 첫째날- 우리는 던전의 주제인 -이세계-아카데미- 라이프-를 해결하기 위해 다같이 협력했다-.mp3 */ = {isa = PBXFileReference; lastKnownFileType = audio.mp3; path = "10.던전에서의 첫째날- 우리는 던전의 주제인 -이세계-아카데미- 라이프-를 해결하기 위해 다같이 협력했다-.mp3"; sourceTree = "<group>"; };
		A91FD67129D56458008A6053 /* 14.길을 걷는 내내 우리는 위화감에 휩싸였고 우리가 솔루션을 내기에 준비되지 않은 상태였다는 것을 깨달았다--.mp3 */ = {isa = PBXFileReference; lastKnownFileType = audio.mp3; path = "14.길을 걷는 내내 우리는 위화감에 휩싸였고 우리가 솔루션을 내기에 준비되지 않은 상태였다는 것을 깨달았다--.mp3"; sourceTree = "<group>"; };
		A91FD67229D56458008A6053 /* 섭2.설문지를 내고 우리는 챌린지를 구체화할 수 있을 것이라 생각했지만- .mp3 */ = {isa = PBXFileReference; lastKnownFileType = audio.mp3; path = "섭2.설문지를 내고 우리는 챌린지를 구체화할 수 있을 것이라 생각했지만- .mp3"; sourceTree = "<group>"; };
		A91FD67329D56458008A6053 /* 섭12.우리는 성공적으로 MC1의 솔루션 보스를 해치울 수 있었고- 이 소문은 빠르게 퍼져나갔다-.mp3 */ = {isa = PBXFileReference; lastKnownFileType = audio.mp3; path = "섭12.우리는 성공적으로 MC1의 솔루션 보스를 해치울 수 있었고- 이 소문은 빠르게 퍼져나갔다-.mp3"; sourceTree = "<group>"; };
		A91FD67429D56458008A6053 /* 섭2-1.우리는 설문지 항목을 작성하고 다른 이세계 주민들에게 도움을 요청했다-.mp3 */ = {isa = PBXFileReference; lastKnownFileType = audio.mp3; path = "섭2-1.우리는 설문지 항목을 작성하고 다른 이세계 주민들에게 도움을 요청했다-.mp3"; sourceTree = "<group>"; };
		A91FD67529D56459008A6053 /* 전투2.챌린지 몬스터가 과제 공격을 했다-.mp3 */ = {isa = PBXFileReference; lastKnownFileType = audio.mp3; path = "전투2.챌린지 몬스터가 과제 공격을 했다-.mp3"; sourceTree = "<group>"; };
		A91FD67629D56459008A6053 /* 전투4.효과는 굉장했다-.mp3 */ = {isa = PBXFileReference; lastKnownFileType = audio.mp3; path = "전투4.효과는 굉장했다-.mp3"; sourceTree = "<group>"; };
		A91FD67729D56459008A6053 /* 섭13알고보니 우리는 고작 MC1을 끝냈을 뿐이었다-- .mp3 */ = {isa = PBXFileReference; lastKnownFileType = audio.mp3; path = "섭13알고보니 우리는 고작 MC1을 끝냈을 뿐이었다-- .mp3"; sourceTree = "<group>"; };
		A91FD67829D56459008A6053 /* 17.우리는 길을 되돌아오며 무엇이 이세계 라이프에 필요한지- 우리가 진정으로 던져야 할 질문은 무엇이고 목적이 무엇인지 다시 정리할 수 있었다--.mp3 */ = {isa = PBXFileReference; lastKnownFileType = audio.mp3; path = "17.우리는 길을 되돌아오며 무엇이 이세계 라이프에 필요한지- 우리가 진정으로 던져야 할 질문은 무엇이고 목적이 무엇인지 다시 정리할 수 있었다--.mp3"; sourceTree = "<group>"; };
		A91FD67929D56459008A6053 /* 섭1.크하하- 챌린지를 이루고 싶다면 나를 감당해야 할 것이다--.mp3 */ = {isa = PBXFileReference; lastKnownFileType = audio.mp3; path = "섭1.크하하- 챌린지를 이루고 싶다면 나를 감당해야 할 것이다--.mp3"; sourceTree = "<group>"; };
		A91FD67A29D56459008A6053 /* 섭7.앗- 솔루션 보스의 하수인- 굳건이가 나타났다-.mp3 */ = {isa = PBXFileReference; lastKnownFileType = audio.mp3; path = "섭7.앗- 솔루션 보스의 하수인- 굳건이가 나타났다-.mp3"; sourceTree = "<group>"; };
		A91FD67B29D56459008A6053 /* 섭14이세계의 모든 용사들도 이러한 과정을 겪고 있는 걸까-- 모두들- 잘 이겨내기를 바란다- .mp3 */ = {isa = PBXFileReference; lastKnownFileType = audio.mp3; path = "섭14이세계의 모든 용사들도 이러한 과정을 겪고 있는 걸까-- 모두들- 잘 이겨내기를 바란다- .mp3"; sourceTree = "<group>"; };
		A91FD67C29D56459008A6053 /* 섭13-1.응 아니야.mp3 */ = {isa = PBXFileReference; lastKnownFileType = audio.mp3; path = "섭13-1.응 아니야.mp3"; sourceTree = "<group>"; };
		A91FD67D29D56459008A6053 /* 섭12-1-드디어- 이 던전의 끝이 보이고 있어요-- 다들 조금만 더-- .mp3 */ = {isa = PBXFileReference; lastKnownFileType = audio.mp3; path = "섭12-1-드디어- 이 던전의 끝이 보이고 있어요-- 다들 조금만 더-- .mp3"; sourceTree = "<group>"; };
		A91FD67E29D56459008A6053 /* 4.앗- 이세계에 다른 용사가 떨어졌다- 당신의 이름은-.mp3 */ = {isa = PBXFileReference; lastKnownFileType = audio.mp3; path = "4.앗- 이세계에 다른 용사가 떨어졌다- 당신의 이름은-.mp3"; sourceTree = "<group>"; };
		A91FD67F29D56459008A6053 /* 전투6.두잇투임 팀은 서로의 의견에 -귀엽게- 반박했다- 이미 존재하는 이세계 라이프 질문 채널의 한계는 무엇이고 왜 쓰는 걸까요--.mp3 */ = {isa = PBXFileReference; lastKnownFileType = audio.mp3; path = "전투6.두잇투임 팀은 서로의 의견에 -귀엽게- 반박했다- 이미 존재하는 이세계 라이프 질문 채널의 한계는 무엇이고 왜 쓰는 걸까요--.mp3"; sourceTree = "<group>"; };
		A91FD68029D56459008A6053 /* 전투추가1.두잇투잇 팀은 좌절하지 않았다-.mp3 */ = {isa = PBXFileReference; lastKnownFileType = audio.mp3; path = "전투추가1.두잇투잇 팀은 좌절하지 않았다-.mp3"; sourceTree = "<group>"; };
		A91FD68129D56459008A6053 /* 9.우리는 곧바로 MC1 던전으로 들어갔다- 던전 안은 어둡고 조용했으나- 우리는 옆에 있는 우리를 믿고 더욱 깊게 걸어갈 수 있었다--제목없음.mp3 */ = {isa = PBXFileReference; lastKnownFileType = audio.mp3; path = "9.우리는 곧바로 MC1 던전으로 들어갔다- 던전 안은 어둡고 조용했으나- 우리는 옆에 있는 우리를 믿고 더욱 깊게 걸어갈 수 있었다--제목없음.mp3"; sourceTree = "<group>"; };
		A91FD68229D56459008A6053 /* 전투추가2.챌린지로부터 도망칠 수는 없다--- 챌린지로부터 도망칠 수는 없다--- 챌린지로부터 도망칠 수는 없다--- 챌린지로부터 도망칠 수는 없다--- 챌린지로부터 도망칠 수는 없다--- 100만원-.mp3 */ = {isa = PBXFileReference; lastKnownFileType = audio.mp3; path = "전투추가2.챌린지로부터 도망칠 수는 없다--- 챌린지로부터 도망칠 수는 없다--- 챌린지로부터 도망칠 수는 없다--- 챌린지로부터 도망칠 수는 없다--- 챌린지로부터 도망칠 수는 없다--- 100만원-.mp3"; sourceTree = "<group>"; };
		A91FD68329D56459008A6053 /* 18.질문의 길은 사실 질문 지옥이었다.mp3 */ = {isa = PBXFileReference; lastKnownFileType = audio.mp3; path = "18.질문의 길은 사실 질문 지옥이었다.mp3"; sourceTree = "<group>"; };
		A91FD68429D56459008A6053 /* 섭10.우리는 잃었던 구피와 제리를 돌려받고- 솔루션 보스의 머리를?겨누고 있던 방아쇠를 당겼다-.mp3 */ = {isa = PBXFileReference; lastKnownFileType = audio.mp3; path = "섭10.우리는 잃었던 구피와 제리를 돌려받고- 솔루션 보스의 머리를?겨누고 있던 방아쇠를 당겼다-.mp3"; sourceTree = "<group>"; };
		A91FD68529D56459008A6053 /* 섭5.그중- 솔루션 보스를 공략할 수 있는 무기인 -랜덤만남 피스톨-로 약점을 겨누었다-.mp3 */ = {isa = PBXFileReference; lastKnownFileType = audio.mp3; path = "섭5.그중- 솔루션 보스를 공략할 수 있는 무기인 -랜덤만남 피스톨-로 약점을 겨누었다-.mp3"; sourceTree = "<group>"; };
		A91FD68629D56459008A6053 /* 전투1.앗 - 질문 지옥을 지배하는 챌린지 몬스터가 등장했다-.mp3 */ = {isa = PBXFileReference; lastKnownFileType = audio.mp3; path = "전투1.앗 - 질문 지옥을 지배하는 챌린지 몬스터가 등장했다-.mp3"; sourceTree = "<group>"; };
		A91FD68729D56459008A6053 /* 전투3.우리는 토론하기를 시전했다- -그럼 이세계 라이프에서만 가져갈 수 있는 것은 뭘까요---.mp3 */ = {isa = PBXFileReference; lastKnownFileType = audio.mp3; path = "전투3.우리는 토론하기를 시전했다- -그럼 이세계 라이프에서만 가져갈 수 있는 것은 뭘까요---.mp3"; sourceTree = "<group>"; };
		A91FD68829D56459008A6053 /* 전투10.와- 챌린지 몬스터를 해치웠다-.mp3 */ = {isa = PBXFileReference; lastKnownFileType = audio.mp3; path = "전투10.와- 챌린지 몬스터를 해치웠다-.mp3"; sourceTree = "<group>"; };
		A91FD68929D56459008A6053 /* 섭9.하하- 다시 돌려주겠다-.mp3 */ = {isa = PBXFileReference; lastKnownFileType = audio.mp3; path = "섭9.하하- 다시 돌려주겠다-.mp3"; sourceTree = "<group>"; };
		A91FD68A29D56459008A6053 /* 전투5.챌린지 몬스터는 다시 한 번 과제 공격을 했다-.mp3 */ = {isa = PBXFileReference; lastKnownFileType = audio.mp3; path = "전투5.챌린지 몬스터는 다시 한 번 과제 공격을 했다-.mp3"; sourceTree = "<group>"; };
		A91FD68B29D56459008A6053 /* 전투8.챌린지 몬스터는 기절한 상태다-.mp3 */ = {isa = PBXFileReference; lastKnownFileType = audio.mp3; path = "전투8.챌린지 몬스터는 기절한 상태다-.mp3"; sourceTree = "<group>"; };
		A91FD68C29D56459008A6053 /* 1.크아악.mp3 */ = {isa = PBXFileReference; lastKnownFileType = audio.mp3; path = "1.크아악.mp3"; sourceTree = "<group>"; };
		AC12C02629D1DA660074C21C /* Text+Extension.swift */ = {isa = PBXFileReference; lastKnownFileType = sourcecode.swift; path = "Text+Extension.swift"; sourceTree = "<group>"; };
		AC12C02A29D1E7130074C21C /* BlinkingEffect.swift */ = {isa = PBXFileReference; lastKnownFileType = sourcecode.swift; path = BlinkingEffect.swift; sourceTree = "<group>"; };
		AC12C02C29D1E77C0074C21C /* TypingEffect.swift */ = {isa = PBXFileReference; lastKnownFileType = sourcecode.swift; path = TypingEffect.swift; sourceTree = "<group>"; };
		AC8B8CF729D47B7500EBC649 /* SsupTemplateView.swift */ = {isa = PBXFileReference; lastKnownFileType = sourcecode.swift; path = SsupTemplateView.swift; sourceTree = "<group>"; };
		ACDC653C29D217F500C6C12B /* SiriView.swift */ = {isa = PBXFileReference; lastKnownFileType = sourcecode.swift; path = SiriView.swift; sourceTree = "<group>"; };
		ACDDC65629D0AB7200404216 /* partTest.app */ = {isa = PBXFileReference; explicitFileType = wrapper.application; includeInIndex = 0; path = partTest.app; sourceTree = BUILT_PRODUCTS_DIR; };
		ACDDC65929D0AB7200404216 /* partTestApp.swift */ = {isa = PBXFileReference; lastKnownFileType = sourcecode.swift; path = partTestApp.swift; sourceTree = "<group>"; };
		ACDDC65B29D0AB7200404216 /* ContentView.swift */ = {isa = PBXFileReference; lastKnownFileType = sourcecode.swift; path = ContentView.swift; sourceTree = "<group>"; };
		ACDDC65D29D0AB7300404216 /* Assets.xcassets */ = {isa = PBXFileReference; lastKnownFileType = folder.assetcatalog; path = Assets.xcassets; sourceTree = "<group>"; };
		ACDDC66029D0AB7300404216 /* Preview Assets.xcassets */ = {isa = PBXFileReference; lastKnownFileType = folder.assetcatalog; path = "Preview Assets.xcassets"; sourceTree = "<group>"; };
/* End PBXFileReference section */

/* Begin PBXFrameworksBuildPhase section */
		ACDDC65329D0AB7200404216 /* Frameworks */ = {
			isa = PBXFrameworksBuildPhase;
			buildActionMask = 2147483647;
			files = (
			);
			runOnlyForDeploymentPostprocessing = 0;
		};
/* End PBXFrameworksBuildPhase section */

/* Begin PBXGroup section */
		5131AC4029D462C800F5F4EE /* Chaekie */ = {
			isa = PBXGroup;
			children = (
				5131AC4129D4631400F5F4EE /* FirstHalfView.swift */,
				5131AC4529D481A000F5F4EE /* FirstHalfView2.swift */,
			);
			path = Chaekie;
			sourceTree = "<group>";
		};
		515753A029D460B800E109BC /* Recovered References */ = {
			isa = PBXGroup;
			children = (
			);
			name = "Recovered References";
			sourceTree = "<group>";
		};
		7E3C9DCD29D3D4110047D6D6 /* Celan */ = {
			isa = PBXGroup;
			children = (
				7E3C9DCE29D3D4980047D6D6 /* BattleSceneBackground.swift */,
			);
			path = Celan;
			sourceTree = "<group>";
		};
		7EE05D6229D46A3F0095A3B9 /* Component */ = {
			isa = PBXGroup;
			children = (
				7EE05D6329D46A4E0095A3B9 /* TemplateView.swift */,
			);
			path = Component;
			sourceTree = "<group>";
		};
		86AB2D0529D3DD11000F3D06 /* Jerry */ = {
			isa = PBXGroup;
			children = (
				86AB2D0E29D3DF0A000F3D06 /* video.mp4 */,
				86AB2D0629D3DD22000F3D06 /* BackgroundVideoView.swift */,
				86AB2D0829D3DD26000F3D06 /* LoopingPlayerUIView.swift */,
				5131AC4829D5588600F5F4EE /* SoundList.swift */,
				5131AC4729D5588600F5F4EE /* SoundSetting.swift */,
				5131AC4929D5588600F5F4EE /* video.mp4 */,
			);
			path = Jerry;
			sourceTree = "<group>";
		};
		A91FD5DA29D55A51008A6053 /* videoAssets */ = {
			isa = PBXGroup;
			children = (
				A91FD5DF29D55A8B008A6053 /* 전투 전 (체키) */,
				A91FD5F829D55AA1008A6053 /* 전투 후 (썹) */,
			);
			path = videoAssets;
			sourceTree = "<group>";
		};
		A91FD5DF29D55A8B008A6053 /* 전투 전 (체키) */ = {
			isa = PBXGroup;
			children = (
				A91FD5E729D55A93008A6053 /* Scene0.mp4 */,
				A91FD5E329D55A92008A6053 /* Scene3.png */,
				A91FD5E929D55A93008A6053 /* Scene4.png */,
				A91FD5E229D55A92008A6053 /* Scene5.png */,
				A91FD5E529D55A93008A6053 /* Scene6_요정아빠_로고.png */,
				A91FD5EA29D55A94008A6053 /* Scene6.mp4 */,
				A91FD5EB29D55A94008A6053 /* Scene7,8.mp4 */,
				A91FD5E129D55A92008A6053 /* Scene9.mp4 */,
				A91FD5E029D55A92008A6053 /* Scene10.png */,
				A91FD5E829D55A93008A6053 /* Scene13.mp4 */,
				A91FD5E429D55A93008A6053 /* Scene14.mp4 */,
				A91FD5E629D55A93008A6053 /* Scene17.mp4 */,
			);
			name = "전투 전 (체키)";
			sourceTree = "<group>";
		};
		A91FD5F829D55AA1008A6053 /* 전투 후 (썹) */ = {
			isa = PBXGroup;
			children = (
				A91FD5FD29D55AB0008A6053 /* Scene1.png */,
				A91FD5FE29D55AB0008A6053 /* Scene2.jpeg */,
				A91FD5FC29D55AB0008A6053 /* Scene3.mp4 */,
				A91FD5FB29D55AB0008A6053 /* Scene4.mp4 */,
				A91FD5FA29D55AB0008A6053 /* Scene5.mp4 */,
				A91FD60529D55AC9008A6053 /* Scene6.mp4 */,
			);
			name = "전투 후 (썹)";
			sourceTree = "<group>";
		};
		A9FF1F5729D473DF008C12A0 /* Hayo */ = {
			isa = PBXGroup;
			children = (
				A91FD5DA29D55A51008A6053 /* videoAssets */,
				A9FF1F5829D473E7008C12A0 /* soundAssets */,
			);
			path = Hayo;
			sourceTree = "<group>";
		};
		A9FF1F5829D473E7008C12A0 /* soundAssets */ = {
			isa = PBXGroup;
			children = (
				A91FD66129D56458008A6053 /* 0.죽어라 닝겐.mp3 */,
				A91FD68C29D56459008A6053 /* 1.크아악.mp3 */,
				A91FD66729D56458008A6053 /* 2.두잇투잇과 함께하는?CBL 여정을 시작하실래용-.mp3 */,
				A91FD66B29D56458008A6053 /* 3.엇- 여긴- 어디지--.mp3 */,
				A91FD67E29D56459008A6053 /* 4.앗- 이세계에 다른 용사가 떨어졌다- 당신의 이름은-.mp3 */,
				A91FD66E29D56458008A6053 /* 5.안녕하세요-- 제 이름은-- 썹 입니다-- 저 말고도 다른 분들이 계셨다니-- 이곳은 도대체 어디인가요-.mp3 */,
				A91FD68129D56459008A6053 /* 9.우리는 곧바로 MC1 던전으로 들어갔다- 던전 안은 어둡고 조용했으나- 우리는 옆에 있는 우리를 믿고 더욱 깊게 걸어갈 수 있었다--제목없음.mp3 */,
				A91FD67029D56458008A6053 /* 10.던전에서의 첫째날- 우리는 던전의 주제인 -이세계-아카데미- 라이프-를 해결하기 위해 다같이 협력했다-.mp3 */,
				A91FD66A29D56458008A6053 /* 11.앗- 두 갈림길이다-.mp3 */,
				A91FD66C29D56458008A6053 /* 12.흠흠- 저희 지금까지 질문만 했는데- 이번엔 솔루션의 길로 가볼까요-.mp3 */,
				A91FD66929D56458008A6053 /* 13.오- 좋은데요- 바로 가시죠-.mp3 */,
				A91FD67129D56458008A6053 /* 14.길을 걷는 내내 우리는 위화감에 휩싸였고 우리가 솔루션을 내기에 준비되지 않은 상태였다는 것을 깨달았다--.mp3 */,
				A91FD66829D56458008A6053 /* 15.그 순간--.mp3 */,
				A91FD67829D56459008A6053 /* 17.우리는 길을 되돌아오며 무엇이 이세계 라이프에 필요한지- 우리가 진정으로 던져야 할 질문은 무엇이고 목적이 무엇인지 다시 정리할 수 있었다--.mp3 */,
				A91FD68329D56459008A6053 /* 18.질문의 길은 사실 질문 지옥이었다.mp3 */,
				A91FD66F29D56458008A6053 /* 섭0.몬스터를 해치우자- 설문지 보스가 등장했다-.mp3 */,
				A91FD67929D56459008A6053 /* 섭1.크하하- 챌린지를 이루고 싶다면 나를 감당해야 할 것이다--.mp3 */,
				A91FD67429D56458008A6053 /* 섭2-1.우리는 설문지 항목을 작성하고 다른 이세계 주민들에게 도움을 요청했다-.mp3 */,
				A91FD67229D56458008A6053 /* 섭2.설문지를 내고 우리는 챌린지를 구체화할 수 있을 것이라 생각했지만- .mp3 */,
				A91FD66D29D56458008A6053 /* 섭3.설문지 보스는 별안간 체력을 회복하며 -솔루션 보스-가 되어버리고 말았다-.mp3 */,
				A91FD66329D56458008A6053 /* 섭4.다행히 우리는 설문지 보스를 해치우고 5개의 무기를 얻을 수 있었다-.mp3 */,
				A91FD68529D56459008A6053 /* 섭5.그중- 솔루션 보스를 공략할 수 있는 무기인 -랜덤만남 피스톨-로 약점을 겨누었다-.mp3 */,
				A91FD66629D56458008A6053 /* 섭6.그 순간-- 복사본.mp3 */,
				A91FD67A29D56459008A6053 /* 섭7.앗- 솔루션 보스의 하수인- 굳건이가 나타났다-.mp3 */,
				A91FD66529D56458008A6053 /* 섭8.하하- 구피와 제리를 예비군으로 잡아가겠다-.mp3 */,
				A91FD68929D56459008A6053 /* 섭9.하하- 다시 돌려주겠다-.mp3 */,
				A91FD68429D56459008A6053 /* 섭10.우리는 잃었던 구피와 제리를 돌려받고- 솔루션 보스의 머리를?겨누고 있던 방아쇠를 당겼다-.mp3 */,
				A91FD66229D56458008A6053 /* 섭11.솔루션 보스는 처참하게 쓰러졌다-.mp3 */,
				A91FD67D29D56459008A6053 /* 섭12-1-드디어- 이 던전의 끝이 보이고 있어요-- 다들 조금만 더-- .mp3 */,
				A91FD67329D56458008A6053 /* 섭12.우리는 성공적으로 MC1의 솔루션 보스를 해치울 수 있었고- 이 소문은 빠르게 퍼져나갔다-.mp3 */,
				A91FD67C29D56459008A6053 /* 섭13-1.응 아니야.mp3 */,
				A91FD67729D56459008A6053 /* 섭13알고보니 우리는 고작 MC1을 끝냈을 뿐이었다-- .mp3 */,
				A91FD67B29D56459008A6053 /* 섭14이세계의 모든 용사들도 이러한 과정을 겪고 있는 걸까-- 모두들- 잘 이겨내기를 바란다- .mp3 */,
				A91FD68629D56459008A6053 /* 전투1.앗 - 질문 지옥을 지배하는 챌린지 몬스터가 등장했다-.mp3 */,
				A91FD67529D56459008A6053 /* 전투2.챌린지 몬스터가 과제 공격을 했다-.mp3 */,
				A91FD68729D56459008A6053 /* 전투3.우리는 토론하기를 시전했다- -그럼 이세계 라이프에서만 가져갈 수 있는 것은 뭘까요---.mp3 */,
				A91FD67629D56459008A6053 /* 전투4.효과는 굉장했다-.mp3 */,
				A91FD68A29D56459008A6053 /* 전투5.챌린지 몬스터는 다시 한 번 과제 공격을 했다-.mp3 */,
				A91FD67F29D56459008A6053 /* 전투6.두잇투임 팀은 서로의 의견에 -귀엽게- 반박했다- 이미 존재하는 이세계 라이프 질문 채널의 한계는 무엇이고 왜 쓰는 걸까요--.mp3 */,
				A91FD66029D56458008A6053 /* 전투7.효과는 굉장했다- 복사본.mp3 */,
				A91FD68B29D56459008A6053 /* 전투8.챌린지 몬스터는 기절한 상태다-.mp3 */,
				A91FD66429D56458008A6053 /* 전투9.두잇투잇 팀은 최후의 일격을 날렸다- 거리낌 없이 물어보자-.mp3 */,
				A91FD68829D56459008A6053 /* 전투10.와- 챌린지 몬스터를 해치웠다-.mp3 */,
				A91FD68029D56459008A6053 /* 전투추가1.두잇투잇 팀은 좌절하지 않았다-.mp3 */,
				A91FD68229D56459008A6053 /* 전투추가2.챌린지로부터 도망칠 수는 없다--- 챌린지로부터 도망칠 수는 없다--- 챌린지로부터 도망칠 수는 없다--- 챌린지로부터 도망칠 수는 없다--- 챌린지로부터 도망칠 수는 없다--- 100만원-.mp3 */,
				A9FF1F7329D4740A008C12A0 /* 0.죽어라 닝겐.mp3 */,
				A9FF1F6B29D47409008C12A0 /* 1.크아악.mp3 */,
				A9FF1F6229D47407008C12A0 /* 3.엇- 여긴- 어디지--.mp3 */,
				A9FF1F6E29D4740A008C12A0 /* 5.안녕하세요-- 제 이름은-- 썹 입니다-- 저 말고도 다른 분들이 계셨다니-- 이곳은 도대체 어디인가요-.mp3 */,
				A9FF1F6F29D4740A008C12A0 /* 9.우리는 곧바로 MC1 던전으로 들어갔다- 던전 안은 어둡고 조용했으나- 우리는 옆에 있는 우리를 믿고 더욱 깊게 걸어갈 수 있었다--제목없음.mp3 */,
				A9FF1F6C29D47409008C12A0 /* 10.던전에서의 첫째날- 우리는 던전의 주제인 -이세계-아카데미- 라이프-를 해결하기 위해 다같이 협력했다-.mp3 */,
				A9FF1FAA29D47A48008C12A0 /* 11.앗- 두 갈림길이다-.mp3 */,
				A9FF1FA829D47A48008C12A0 /* 12.흠흠- 저희 지금까지 질문만 했는데- 이번엔 솔루션의 길로 가볼까요-.mp3 */,
				A9FF1FA729D47A48008C12A0 /* 13.오- 좋은데요- 바로 가시죠-.mp3 */,
				A9FF1F6029D47407008C12A0 /* 14.길을 걷는 내내 우리는 위화감에 휩싸였고 우리가 솔루션을 내기에 준비되지 않은 상태였다는 것을 깨달았다--.mp3 */,
				A9FF1F6529D47408008C12A0 /* 15.그 순간--.mp3 */,
				A9FF1F7729D4740B008C12A0 /* 17.우리는 길을 되돌아오며 무엇이 이세계 라이프에 필요한지- 우리가 진정으로 던져야 할 질문은 무엇이고 목적이 무엇인지 다시 정리할 수 있었다--.mp3 */,
				A9FF1F5B29D47406008C12A0 /* 18.질문의 길은 사실 질문 지옥이었다.mp3 */,
				A9FF1F6129D47407008C12A0 /* 섭0.몬스터를 해치우자- 설문지 보스가 등장했다-.mp3 */,
				A9FF1F5D29D47407008C12A0 /* 섭1.크하하- 챌린지를 이루고 싶다면 나를 감당해야 할 것이다--.mp3 */,
				A9FF1F7229D4740A008C12A0 /* 섭2.설문지를 내고 우리는 챌린지를 구체화할 수 있을 것이라 생각했지만- .mp3 */,
				A9FF1F6729D47408008C12A0 /* 섭3.설문지 보스는 별안간 체력을 회복하며 -솔루션 보스-가 되어버리고 말았다-.mp3 */,
				A9FF1F6A29D47409008C12A0 /* 섭4.다행히 우리는 설문지 보스를 해치우고 5개의 무기를 얻을 수 있었다-.mp3 */,
				A9FF1F7429D4740B008C12A0 /* 섭5.그중- 솔루션 보스를 공략할 수 있는 무기인 -랜덤만남 피스톨-로 약점을 겨누었다-.mp3 */,
				A9FF1F5E29D47407008C12A0 /* 섭6.그 순간-- 복사본.mp3 */,
				A9FF1F6829D47409008C12A0 /* 섭7.앗- 솔루션 보스의 하수인- 굳건이가 나타났다-.mp3 */,
				A9FF1F7A29D4740C008C12A0 /* 섭8.하하- 구피와 제리를 예비군으로 잡아가겠다-.mp3 */,
				A9FF1F7529D4740B008C12A0 /* 섭9.하하- 다시 돌려주겠다-.mp3 */,
				A9FF1F5F29D47407008C12A0 /* 섭10.우리는 잃었던 구피와 제리를 돌려받고- 솔루션 보스의 머리를?겨누고 있던 방아쇠를 당겼다-.mp3 */,
				A9FF1F7029D4740A008C12A0 /* 섭11.솔루션 보스는 처참하게 쓰러졌다-.mp3 */,
				A9FF1FA929D47A48008C12A0 /* 섭12-1-드디어- 이 던전의 끝이 보이고 있어요-- 다들 조금만 더-- .mp3 */,
				A9FF1F6429D47408008C12A0 /* 섭12.우리는 성공적으로 MC1의 솔루션 보스를 해치울 수 있었고- 이 소문은 빠르게 퍼져나갔다-.mp3 */,
				A9FF1F5929D47406008C12A0 /* 섭13알고보니 우리는 고작 MC1을 끝냈을 뿐이었다-- .mp3 */,
				A9FF1F7629D4740B008C12A0 /* 섭14이세계의 모든 용사들도 이러한 과정을 겪고 있는 걸까-- 모두들- 잘 이겨내기를 바란다- .mp3 */,
				A9FF1F6329D47408008C12A0 /* 전투1.앗 - 질문 지옥을 지배하는 챌린지 몬스터가 등장했다-.mp3 */,
				A9FF1F6D29D47409008C12A0 /* 전투2.챌린지 몬스터가 과제 공격을 했다-.mp3 */,
				A9FF1F5C29D47406008C12A0 /* 전투3.우리는 토론하기를 시전했다- -그럼 이세계 라이프에서만 가져갈 수 있는 것은 뭘까요---.mp3 */,
				A9FF1F5A29D47406008C12A0 /* 전투4.효과는 굉장했다-.mp3 */,
				A9FF1F7B29D4740C008C12A0 /* 전투5.챌린지 몬스터는 다시 한 번 과제 공격을 했다-.mp3 */,
				A9FF1F7129D4740A008C12A0 /* 전투6.두잇투임 팀은 서로의 의견에 -귀엽게- 반박했다- 이미 존재하는 이세계 라이프 질문 채널의 한계는 무엇이고 왜 쓰는 걸까요--.mp3 */,
				A9FF1F7829D4740B008C12A0 /* 전투7.효과는 굉장했다- 복사본.mp3 */,
				A9FF1F6929D47409008C12A0 /* 전투8.챌린지 몬스터는 기절한 상태다-.mp3 */,
				A9FF1F7929D4740C008C12A0 /* 전투9.두잇투잇 팀은 최후의 일격을 날렸다- 거리낌 없이 물어보자-.mp3 */,
				A9FF1F6629D47408008C12A0 /* 전투10.와- 챌린지 몬스터를 해치웠다-.mp3 */,
			);
			path = soundAssets;
			sourceTree = "<group>";
		};
		AC12C02829D1DB740074C21C /* Extension */ = {
			isa = PBXGroup;
			children = (
				AC12C02629D1DA660074C21C /* Text+Extension.swift */,
			);
			path = Extension;
			sourceTree = "<group>";
		};
		AC12C02929D1E6F20074C21C /* Effect */ = {
			isa = PBXGroup;
			children = (
				AC12C02A29D1E7130074C21C /* BlinkingEffect.swift */,
				AC12C02C29D1E77C0074C21C /* TypingEffect.swift */,
				7EC6D5B629D42D860060134F /* ShakeEffect.swift */,
				7EC6D5B829D434560060134F /* ParticleEffect.swift */,
				7EBC321B29D454010052D98B /* TypeEffectModifier.swift */,
			);
			path = Effect;
			sourceTree = "<group>";
		};
		AC8B8CF629D47B4900EBC649 /* Ssup */ = {
			isa = PBXGroup;
			children = (
				AC8B8CF729D47B7500EBC649 /* SsupTemplateView.swift */,
			);
			path = Ssup;
			sourceTree = "<group>";
		};
		ACDDC64D29D0AB7200404216 = {
			isa = PBXGroup;
			children = (
				ACDDC65829D0AB7200404216 /* partTest */,
				ACDDC65729D0AB7200404216 /* Products */,
				515753A029D460B800E109BC /* Recovered References */,
			);
			sourceTree = "<group>";
		};
		ACDDC65729D0AB7200404216 /* Products */ = {
			isa = PBXGroup;
			children = (
				ACDDC65629D0AB7200404216 /* partTest.app */,
			);
			name = Products;
			sourceTree = "<group>";
		};
		ACDDC65829D0AB7200404216 /* partTest */ = {
			isa = PBXGroup;
			children = (
				7EE05D6229D46A3F0095A3B9 /* Component */,
				AC8B8CF629D47B4900EBC649 /* Ssup */,
				A9FF1F5729D473DF008C12A0 /* Hayo */,
				5131AC4029D462C800F5F4EE /* Chaekie */,
				7E3C9DCD29D3D4110047D6D6 /* Celan */,
				86AB2D0529D3DD11000F3D06 /* Jerry */,
				ACDDC65929D0AB7200404216 /* partTestApp.swift */,
				ACDDC65B29D0AB7200404216 /* ContentView.swift */,
				7EC8EFF329D2CC17009595D6 /* TestTestView.swift */,
				ACDC653C29D217F500C6C12B /* SiriView.swift */,
				AC12C02929D1E6F20074C21C /* Effect */,
				AC12C02829D1DB740074C21C /* Extension */,
				ACDDC65D29D0AB7300404216 /* Assets.xcassets */,
				ACDDC65F29D0AB7300404216 /* Preview Content */,
			);
			path = partTest;
			sourceTree = "<group>";
		};
		ACDDC65F29D0AB7300404216 /* Preview Content */ = {
			isa = PBXGroup;
			children = (
				ACDDC66029D0AB7300404216 /* Preview Assets.xcassets */,
			);
			path = "Preview Content";
			sourceTree = "<group>";
		};
/* End PBXGroup section */

/* Begin PBXNativeTarget section */
		ACDDC65529D0AB7200404216 /* partTest */ = {
			isa = PBXNativeTarget;
			buildConfigurationList = ACDDC66429D0AB7300404216 /* Build configuration list for PBXNativeTarget "partTest" */;
			buildPhases = (
				ACDDC65229D0AB7200404216 /* Sources */,
				ACDDC65329D0AB7200404216 /* Frameworks */,
				ACDDC65429D0AB7200404216 /* Resources */,
			);
			buildRules = (
			);
			dependencies = (
			);
			name = partTest;
			packageProductDependencies = (
			);
			productName = partTest;
			productReference = ACDDC65629D0AB7200404216 /* partTest.app */;
			productType = "com.apple.product-type.application";
		};
/* End PBXNativeTarget section */

/* Begin PBXProject section */
		ACDDC64E29D0AB7200404216 /* Project object */ = {
			isa = PBXProject;
			attributes = {
				BuildIndependentTargetsInParallel = 1;
				LastSwiftUpdateCheck = 1420;
				LastUpgradeCheck = 1420;
				TargetAttributes = {
					ACDDC65529D0AB7200404216 = {
						CreatedOnToolsVersion = 14.2;
					};
				};
			};
			buildConfigurationList = ACDDC65129D0AB7200404216 /* Build configuration list for PBXProject "partTest" */;
			compatibilityVersion = "Xcode 14.0";
			developmentRegion = en;
			hasScannedForEncodings = 0;
			knownRegions = (
				en,
				Base,
			);
			mainGroup = ACDDC64D29D0AB7200404216;
			packageReferences = (
			);
			productRefGroup = ACDDC65729D0AB7200404216 /* Products */;
			projectDirPath = "";
			projectRoot = "";
			targets = (
				ACDDC65529D0AB7200404216 /* partTest */,
			);
		};
/* End PBXProject section */

/* Begin PBXResourcesBuildPhase section */
		ACDDC65429D0AB7200404216 /* Resources */ = {
			isa = PBXResourcesBuildPhase;
			buildActionMask = 2147483647;
			files = (
				A91FD69E29D56459008A6053 /* 14.길을 걷는 내내 우리는 위화감에 휩싸였고 우리가 솔루션을 내기에 준비되지 않은 상태였다는 것을 깨달았다--.mp3 in Resources */,
				A91FD5EE29D55A94008A6053 /* Scene5.png in Resources */,
				A91FD69629D56459008A6053 /* 13.오- 좋은데요- 바로 가시죠-.mp3 in Resources */,
				A91FD69329D56459008A6053 /* 섭6.그 순간-- 복사본.mp3 in Resources */,
				A91FD69429D56459008A6053 /* 2.두잇투잇과 함께하는?CBL 여정을 시작하실래용-.mp3 in Resources */,
				A91FD6A129D56459008A6053 /* 섭2-1.우리는 설문지 항목을 작성하고 다른 이세계 주민들에게 도움을 요청했다-.mp3 in Resources */,
				A91FD69129D56459008A6053 /* 전투9.두잇투잇 팀은 최후의 일격을 날렸다- 거리낌 없이 물어보자-.mp3 in Resources */,
				A91FD6B429D56459008A6053 /* 전투3.우리는 토론하기를 시전했다- -그럼 이세계 라이프에서만 가져갈 수 있는 것은 뭘까요---.mp3 in Resources */,
				A91FD69729D56459008A6053 /* 11.앗- 두 갈림길이다-.mp3 in Resources */,
				A91FD69A29D56459008A6053 /* 섭3.설문지 보스는 별안간 체력을 회복하며 -솔루션 보스-가 되어버리고 말았다-.mp3 in Resources */,
				ACDDC66129D0AB7300404216 /* Preview Assets.xcassets in Resources */,
				A91FD6B329D56459008A6053 /* 전투1.앗 - 질문 지옥을 지배하는 챌린지 몬스터가 등장했다-.mp3 in Resources */,
				A91FD68E29D56459008A6053 /* 0.죽어라 닝겐.mp3 in Resources */,
				A91FD5F429D55A94008A6053 /* Scene13.mp4 in Resources */,
				A91FD5F629D55A94008A6053 /* Scene6.mp4 in Resources */,
				A91FD69B29D56459008A6053 /* 5.안녕하세요-- 제 이름은-- 썹 입니다-- 저 말고도 다른 분들이 계셨다니-- 이곳은 도대체 어디인가요-.mp3 in Resources */,
				A91FD69229D56459008A6053 /* 섭8.하하- 구피와 제리를 예비군으로 잡아가겠다-.mp3 in Resources */,
				A91FD5EF29D55A94008A6053 /* Scene3.png in Resources */,
				A91FD68F29D56459008A6053 /* 섭11.솔루션 보스는 처참하게 쓰러졌다-.mp3 in Resources */,
				A91FD5F729D55A94008A6053 /* Scene7,8.mp4 in Resources */,
				A91FD6A429D56459008A6053 /* 섭13알고보니 우리는 고작 MC1을 끝냈을 뿐이었다-- .mp3 in Resources */,
				A91FD69D29D56459008A6053 /* 10.던전에서의 첫째날- 우리는 던전의 주제인 -이세계-아카데미- 라이프-를 해결하기 위해 다같이 협력했다-.mp3 in Resources */,
				A91FD6B229D56459008A6053 /* 섭5.그중- 솔루션 보스를 공략할 수 있는 무기인 -랜덤만남 피스톨-로 약점을 겨누었다-.mp3 in Resources */,
				A91FD6A729D56459008A6053 /* 섭7.앗- 솔루션 보스의 하수인- 굳건이가 나타났다-.mp3 in Resources */,
				A91FD6A329D56459008A6053 /* 전투4.효과는 굉장했다-.mp3 in Resources */,
				A91FD60429D55AB0008A6053 /* Scene2.jpeg in Resources */,
				A91FD6A029D56459008A6053 /* 섭12.우리는 성공적으로 MC1의 솔루션 보스를 해치울 수 있었고- 이 소문은 빠르게 퍼져나갔다-.mp3 in Resources */,
				A91FD6AA29D56459008A6053 /* 섭12-1-드디어- 이 던전의 끝이 보이고 있어요-- 다들 조금만 더-- .mp3 in Resources */,
				86AB2D0F29D3DF0A000F3D06 /* video.mp4 in Resources */,
				A91FD6AB29D56459008A6053 /* 4.앗- 이세계에 다른 용사가 떨어졌다- 당신의 이름은-.mp3 in Resources */,
				A91FD6AD29D56459008A6053 /* 전투추가1.두잇투잇 팀은 좌절하지 않았다-.mp3 in Resources */,
				A91FD5EC29D55A94008A6053 /* Scene10.png in Resources */,
				A91FD6B729D56459008A6053 /* 전투5.챌린지 몬스터는 다시 한 번 과제 공격을 했다-.mp3 in Resources */,
				A91FD60329D55AB0008A6053 /* Scene1.png in Resources */,
				A91FD5F529D55A94008A6053 /* Scene4.png in Resources */,
				A91FD69529D56459008A6053 /* 15.그 순간--.mp3 in Resources */,
				A91FD6B029D56459008A6053 /* 18.질문의 길은 사실 질문 지옥이었다.mp3 in Resources */,
				ACDDC65E29D0AB7300404216 /* Assets.xcassets in Resources */,
				A91FD5F229D55A94008A6053 /* Scene17.mp4 in Resources */,
				A91FD6AF29D56459008A6053 /* 전투추가2.챌린지로부터 도망칠 수는 없다--- 챌린지로부터 도망칠 수는 없다--- 챌린지로부터 도망칠 수는 없다--- 챌린지로부터 도망칠 수는 없다--- 챌린지로부터 도망칠 수는 없다--- 100만원-.mp3 in Resources */,
				A91FD6A229D56459008A6053 /* 전투2.챌린지 몬스터가 과제 공격을 했다-.mp3 in Resources */,
				A91FD69829D56459008A6053 /* 3.엇- 여긴- 어디지--.mp3 in Resources */,
				A91FD6B929D56459008A6053 /* 1.크아악.mp3 in Resources */,
				A91FD60029D55AB0008A6053 /* Scene5.mp4 in Resources */,
				A91FD68D29D56459008A6053 /* 전투7.효과는 굉장했다- 복사본.mp3 in Resources */,
				A91FD6A829D56459008A6053 /* 섭14이세계의 모든 용사들도 이러한 과정을 겪고 있는 걸까-- 모두들- 잘 이겨내기를 바란다- .mp3 in Resources */,
				7E718B0129D556BC000D1469 /* video.mp4 in Resources */,
				A91FD5F329D55A94008A6053 /* Scene0.mp4 in Resources */,
				A91FD5F029D55A94008A6053 /* Scene14.mp4 in Resources */,
				A91FD60129D55AB0008A6053 /* Scene4.mp4 in Resources */,
				A91FD69F29D56459008A6053 /* 섭2.설문지를 내고 우리는 챌린지를 구체화할 수 있을 것이라 생각했지만- .mp3 in Resources */,
				A91FD6B529D56459008A6053 /* 전투10.와- 챌린지 몬스터를 해치웠다-.mp3 in Resources */,
				A91FD6AC29D56459008A6053 /* 전투6.두잇투임 팀은 서로의 의견에 -귀엽게- 반박했다- 이미 존재하는 이세계 라이프 질문 채널의 한계는 무엇이고 왜 쓰는 걸까요--.mp3 in Resources */,
				A91FD6B629D56459008A6053 /* 섭9.하하- 다시 돌려주겠다-.mp3 in Resources */,
				A91FD6B829D56459008A6053 /* 전투8.챌린지 몬스터는 기절한 상태다-.mp3 in Resources */,
				A91FD69929D56459008A6053 /* 12.흠흠- 저희 지금까지 질문만 했는데- 이번엔 솔루션의 길로 가볼까요-.mp3 in Resources */,
				A91FD69C29D56459008A6053 /* 섭0.몬스터를 해치우자- 설문지 보스가 등장했다-.mp3 in Resources */,
				A91FD6A629D56459008A6053 /* 섭1.크하하- 챌린지를 이루고 싶다면 나를 감당해야 할 것이다--.mp3 in Resources */,
				A91FD5ED29D55A94008A6053 /* Scene9.mp4 in Resources */,
				A91FD69029D56459008A6053 /* 섭4.다행히 우리는 설문지 보스를 해치우고 5개의 무기를 얻을 수 있었다-.mp3 in Resources */,
				A91FD60229D55AB0008A6053 /* Scene3.mp4 in Resources */,
				A91FD6A929D56459008A6053 /* 섭13-1.응 아니야.mp3 in Resources */,
				A91FD6A529D56459008A6053 /* 17.우리는 길을 되돌아오며 무엇이 이세계 라이프에 필요한지- 우리가 진정으로 던져야 할 질문은 무엇이고 목적이 무엇인지 다시 정리할 수 있었다--.mp3 in Resources */,
				A91FD6AE29D56459008A6053 /* 9.우리는 곧바로 MC1 던전으로 들어갔다- 던전 안은 어둡고 조용했으나- 우리는 옆에 있는 우리를 믿고 더욱 깊게 걸어갈 수 있었다--제목없음.mp3 in Resources */,
				A91FD5F129D55A94008A6053 /* Scene6_요정아빠_로고.png in Resources */,
				A91FD6B129D56459008A6053 /* 섭10.우리는 잃었던 구피와 제리를 돌려받고- 솔루션 보스의 머리를?겨누고 있던 방아쇠를 당겼다-.mp3 in Resources */,
				A9FF1F9729D4740C008C12A0 /* 섭5.그중- 솔루션 보스를 공략할 수 있는 무기인 -랜덤만남 피스톨-로 약점을 겨누었다-.mp3 in Resources */,
				A9FF1F8129D4740C008C12A0 /* 섭6.그 순간-- 복사본.mp3 in Resources */,
				A9FF1F8729D4740C008C12A0 /* 섭12.우리는 성공적으로 MC1의 솔루션 보스를 해치울 수 있었고- 이 소문은 빠르게 퍼져나갔다-.mp3 in Resources */,
				A9FF1F8B29D4740C008C12A0 /* 섭7.앗- 솔루션 보스의 하수인- 굳건이가 나타났다-.mp3 in Resources */,
				A9FF1F7C29D4740C008C12A0 /* 섭13알고보니 우리는 고작 MC1을 끝냈을 뿐이었다-- .mp3 in Resources */,
				A9FF1F8429D4740C008C12A0 /* 섭0.몬스터를 해치우자- 설문지 보스가 등장했다-.mp3 in Resources */,
				A9FF1F7F29D4740C008C12A0 /* 전투3.우리는 토론하기를 시전했다- -그럼 이세계 라이프에서만 가져갈 수 있는 것은 뭘까요---.mp3 in Resources */,
				A9FF1FAB29D47A49008C12A0 /* 13.오- 좋은데요- 바로 가시죠-.mp3 in Resources */,
				5131AC4C29D5588600F5F4EE /* video.mp4 in Resources */,
				A9FF1F9629D4740C008C12A0 /* 0.죽어라 닝겐.mp3 in Resources */,
				A9FF1F8D29D4740C008C12A0 /* 섭4.다행히 우리는 설문지 보스를 해치우고 5개의 무기를 얻을 수 있었다-.mp3 in Resources */,
				A9FF1F8329D4740C008C12A0 /* 14.길을 걷는 내내 우리는 위화감에 휩싸였고 우리가 솔루션을 내기에 준비되지 않은 상태였다는 것을 깨달았다--.mp3 in Resources */,
				A9FF1F8C29D4740C008C12A0 /* 전투8.챌린지 몬스터는 기절한 상태다-.mp3 in Resources */,
				A9FF1F9929D4740C008C12A0 /* 섭14이세계의 모든 용사들도 이러한 과정을 겪고 있는 걸까-- 모두들- 잘 이겨내기를 바란다- .mp3 in Resources */,
				A9FF1F9E29D4740C008C12A0 /* 전투5.챌린지 몬스터는 다시 한 번 과제 공격을 했다-.mp3 in Resources */,
				A9FF1F8E29D4740C008C12A0 /* 1.크아악.mp3 in Resources */,
				A9FF1FAC29D47A49008C12A0 /* 12.흠흠- 저희 지금까지 질문만 했는데- 이번엔 솔루션의 길로 가볼까요-.mp3 in Resources */,
				A9FF1F9829D4740C008C12A0 /* 섭9.하하- 다시 돌려주겠다-.mp3 in Resources */,
				A9FF1F9129D4740C008C12A0 /* 5.안녕하세요-- 제 이름은-- 썹 입니다-- 저 말고도 다른 분들이 계셨다니-- 이곳은 도대체 어디인가요-.mp3 in Resources */,
				A9FF1F9229D4740C008C12A0 /* 9.우리는 곧바로 MC1 던전으로 들어갔다- 던전 안은 어둡고 조용했으나- 우리는 옆에 있는 우리를 믿고 더욱 깊게 걸어갈 수 있었다--제목없음.mp3 in Resources */,
				A9FF1F9B29D4740C008C12A0 /* 전투7.효과는 굉장했다- 복사본.mp3 in Resources */,
				A9FF1F9A29D4740C008C12A0 /* 17.우리는 길을 되돌아오며 무엇이 이세계 라이프에 필요한지- 우리가 진정으로 던져야 할 질문은 무엇이고 목적이 무엇인지 다시 정리할 수 있었다--.mp3 in Resources */,
				A9FF1F8829D4740C008C12A0 /* 15.그 순간--.mp3 in Resources */,
				A9FF1FAD29D47A49008C12A0 /* 섭12-1-드디어- 이 던전의 끝이 보이고 있어요-- 다들 조금만 더-- .mp3 in Resources */,
				A9FF1F9C29D4740C008C12A0 /* 전투9.두잇투잇 팀은 최후의 일격을 날렸다- 거리낌 없이 물어보자-.mp3 in Resources */,
				A9FF1F9D29D4740C008C12A0 /* 섭8.하하- 구피와 제리를 예비군으로 잡아가겠다-.mp3 in Resources */,
			);
			runOnlyForDeploymentPostprocessing = 0;
		};
/* End PBXResourcesBuildPhase section */

/* Begin PBXSourcesBuildPhase section */
		ACDDC65229D0AB7200404216 /* Sources */ = {
			isa = PBXSourcesBuildPhase;
			buildActionMask = 2147483647;
			files = (
				86AB2D0729D3DD22000F3D06 /* BackgroundVideoView.swift in Sources */,
				ACDDC65C29D0AB7200404216 /* ContentView.swift in Sources */,
				5131AC4229D4631400F5F4EE /* FirstHalfView.swift in Sources */,
				AC12C02729D1DA660074C21C /* Text+Extension.swift in Sources */,
				7EC6D5B729D42D860060134F /* ShakeEffect.swift in Sources */,
				5131AC4629D481A000F5F4EE /* FirstHalfView2.swift in Sources */,
				7E3C9DCF29D3D4980047D6D6 /* BattleSceneBackground.swift in Sources */,
				AC8B8CF829D47B7500EBC649 /* SsupTemplateView.swift in Sources */,
				AC12C02B29D1E7130074C21C /* BlinkingEffect.swift in Sources */,
				5131AC4B29D5588600F5F4EE /* SoundList.swift in Sources */,
				7EC8EFF429D2CC17009595D6 /* TestTestView.swift in Sources */,
				86AB2D0929D3DD26000F3D06 /* LoopingPlayerUIView.swift in Sources */,
				AC12C02D29D1E77C0074C21C /* TypingEffect.swift in Sources */,
				7EBC321C29D454010052D98B /* TypeEffectModifier.swift in Sources */,
				7EE05D6429D46A4E0095A3B9 /* TemplateView.swift in Sources */,
				5131AC4A29D5588600F5F4EE /* SoundSetting.swift in Sources */,
				ACDDC65A29D0AB7200404216 /* partTestApp.swift in Sources */,
				7EC6D5B929D434560060134F /* ParticleEffect.swift in Sources */,
				ACDC653D29D217F500C6C12B /* SiriView.swift in Sources */,
			);
			runOnlyForDeploymentPostprocessing = 0;
		};
/* End PBXSourcesBuildPhase section */

/* Begin XCBuildConfiguration section */
		ACDDC66229D0AB7300404216 /* Debug */ = {
			isa = XCBuildConfiguration;
			buildSettings = {
				ALWAYS_SEARCH_USER_PATHS = NO;
				CLANG_ANALYZER_NONNULL = YES;
				CLANG_ANALYZER_NUMBER_OBJECT_CONVERSION = YES_AGGRESSIVE;
				CLANG_CXX_LANGUAGE_STANDARD = "gnu++20";
				CLANG_ENABLE_MODULES = YES;
				CLANG_ENABLE_OBJC_ARC = YES;
				CLANG_ENABLE_OBJC_WEAK = YES;
				CLANG_WARN_BLOCK_CAPTURE_AUTORELEASING = YES;
				CLANG_WARN_BOOL_CONVERSION = YES;
				CLANG_WARN_COMMA = YES;
				CLANG_WARN_CONSTANT_CONVERSION = YES;
				CLANG_WARN_DEPRECATED_OBJC_IMPLEMENTATIONS = YES;
				CLANG_WARN_DIRECT_OBJC_ISA_USAGE = YES_ERROR;
				CLANG_WARN_DOCUMENTATION_COMMENTS = YES;
				CLANG_WARN_EMPTY_BODY = YES;
				CLANG_WARN_ENUM_CONVERSION = YES;
				CLANG_WARN_INFINITE_RECURSION = YES;
				CLANG_WARN_INT_CONVERSION = YES;
				CLANG_WARN_NON_LITERAL_NULL_CONVERSION = YES;
				CLANG_WARN_OBJC_IMPLICIT_RETAIN_SELF = YES;
				CLANG_WARN_OBJC_LITERAL_CONVERSION = YES;
				CLANG_WARN_OBJC_ROOT_CLASS = YES_ERROR;
				CLANG_WARN_QUOTED_INCLUDE_IN_FRAMEWORK_HEADER = YES;
				CLANG_WARN_RANGE_LOOP_ANALYSIS = YES;
				CLANG_WARN_STRICT_PROTOTYPES = YES;
				CLANG_WARN_SUSPICIOUS_MOVE = YES;
				CLANG_WARN_UNGUARDED_AVAILABILITY = YES_AGGRESSIVE;
				CLANG_WARN_UNREACHABLE_CODE = YES;
				CLANG_WARN__DUPLICATE_METHOD_MATCH = YES;
				COPY_PHASE_STRIP = NO;
				DEBUG_INFORMATION_FORMAT = dwarf;
				ENABLE_STRICT_OBJC_MSGSEND = YES;
				ENABLE_TESTABILITY = YES;
				GCC_C_LANGUAGE_STANDARD = gnu11;
				GCC_DYNAMIC_NO_PIC = NO;
				GCC_NO_COMMON_BLOCKS = YES;
				GCC_OPTIMIZATION_LEVEL = 0;
				GCC_PREPROCESSOR_DEFINITIONS = (
					"DEBUG=1",
					"$(inherited)",
				);
				GCC_WARN_64_TO_32_BIT_CONVERSION = YES;
				GCC_WARN_ABOUT_RETURN_TYPE = YES_ERROR;
				GCC_WARN_UNDECLARED_SELECTOR = YES;
				GCC_WARN_UNINITIALIZED_AUTOS = YES_AGGRESSIVE;
				GCC_WARN_UNUSED_FUNCTION = YES;
				GCC_WARN_UNUSED_VARIABLE = YES;
				IPHONEOS_DEPLOYMENT_TARGET = 16.2;
				MTL_ENABLE_DEBUG_INFO = INCLUDE_SOURCE;
				MTL_FAST_MATH = YES;
				ONLY_ACTIVE_ARCH = YES;
				SDKROOT = iphoneos;
				SWIFT_ACTIVE_COMPILATION_CONDITIONS = DEBUG;
				SWIFT_OPTIMIZATION_LEVEL = "-Onone";
			};
			name = Debug;
		};
		ACDDC66329D0AB7300404216 /* Release */ = {
			isa = XCBuildConfiguration;
			buildSettings = {
				ALWAYS_SEARCH_USER_PATHS = NO;
				CLANG_ANALYZER_NONNULL = YES;
				CLANG_ANALYZER_NUMBER_OBJECT_CONVERSION = YES_AGGRESSIVE;
				CLANG_CXX_LANGUAGE_STANDARD = "gnu++20";
				CLANG_ENABLE_MODULES = YES;
				CLANG_ENABLE_OBJC_ARC = YES;
				CLANG_ENABLE_OBJC_WEAK = YES;
				CLANG_WARN_BLOCK_CAPTURE_AUTORELEASING = YES;
				CLANG_WARN_BOOL_CONVERSION = YES;
				CLANG_WARN_COMMA = YES;
				CLANG_WARN_CONSTANT_CONVERSION = YES;
				CLANG_WARN_DEPRECATED_OBJC_IMPLEMENTATIONS = YES;
				CLANG_WARN_DIRECT_OBJC_ISA_USAGE = YES_ERROR;
				CLANG_WARN_DOCUMENTATION_COMMENTS = YES;
				CLANG_WARN_EMPTY_BODY = YES;
				CLANG_WARN_ENUM_CONVERSION = YES;
				CLANG_WARN_INFINITE_RECURSION = YES;
				CLANG_WARN_INT_CONVERSION = YES;
				CLANG_WARN_NON_LITERAL_NULL_CONVERSION = YES;
				CLANG_WARN_OBJC_IMPLICIT_RETAIN_SELF = YES;
				CLANG_WARN_OBJC_LITERAL_CONVERSION = YES;
				CLANG_WARN_OBJC_ROOT_CLASS = YES_ERROR;
				CLANG_WARN_QUOTED_INCLUDE_IN_FRAMEWORK_HEADER = YES;
				CLANG_WARN_RANGE_LOOP_ANALYSIS = YES;
				CLANG_WARN_STRICT_PROTOTYPES = YES;
				CLANG_WARN_SUSPICIOUS_MOVE = YES;
				CLANG_WARN_UNGUARDED_AVAILABILITY = YES_AGGRESSIVE;
				CLANG_WARN_UNREACHABLE_CODE = YES;
				CLANG_WARN__DUPLICATE_METHOD_MATCH = YES;
				COPY_PHASE_STRIP = NO;
				DEBUG_INFORMATION_FORMAT = "dwarf-with-dsym";
				ENABLE_NS_ASSERTIONS = NO;
				ENABLE_STRICT_OBJC_MSGSEND = YES;
				GCC_C_LANGUAGE_STANDARD = gnu11;
				GCC_NO_COMMON_BLOCKS = YES;
				GCC_WARN_64_TO_32_BIT_CONVERSION = YES;
				GCC_WARN_ABOUT_RETURN_TYPE = YES_ERROR;
				GCC_WARN_UNDECLARED_SELECTOR = YES;
				GCC_WARN_UNINITIALIZED_AUTOS = YES_AGGRESSIVE;
				GCC_WARN_UNUSED_FUNCTION = YES;
				GCC_WARN_UNUSED_VARIABLE = YES;
				IPHONEOS_DEPLOYMENT_TARGET = 16.2;
				MTL_ENABLE_DEBUG_INFO = NO;
				MTL_FAST_MATH = YES;
				SDKROOT = iphoneos;
				SWIFT_COMPILATION_MODE = wholemodule;
				SWIFT_OPTIMIZATION_LEVEL = "-O";
				VALIDATE_PRODUCT = YES;
			};
			name = Release;
		};
		ACDDC66529D0AB7300404216 /* Debug */ = {
			isa = XCBuildConfiguration;
			buildSettings = {
				ASSETCATALOG_COMPILER_APPICON_NAME = AppIcon;
				ASSETCATALOG_COMPILER_GLOBAL_ACCENT_COLOR_NAME = AccentColor;
				CODE_SIGN_STYLE = Automatic;
				CURRENT_PROJECT_VERSION = 1;
				DEVELOPMENT_ASSET_PATHS = "\"partTest/Preview Content\"";
				DEVELOPMENT_TEAM = TK8FVHX9VB;
				ENABLE_PREVIEWS = YES;
				GENERATE_INFOPLIST_FILE = YES;
				INFOPLIST_KEY_UIApplicationSceneManifest_Generation = YES;
				INFOPLIST_KEY_UIApplicationSupportsIndirectInputEvents = YES;
				INFOPLIST_KEY_UILaunchScreen_Generation = YES;
				INFOPLIST_KEY_UISupportedInterfaceOrientations_iPad = "UIInterfaceOrientationPortrait UIInterfaceOrientationPortraitUpsideDown UIInterfaceOrientationLandscapeLeft UIInterfaceOrientationLandscapeRight";
				INFOPLIST_KEY_UISupportedInterfaceOrientations_iPhone = "UIInterfaceOrientationPortrait UIInterfaceOrientationLandscapeLeft UIInterfaceOrientationLandscapeRight";
				LD_RUNPATH_SEARCH_PATHS = (
					"$(inherited)",
					"@executable_path/Frameworks",
				);
				MARKETING_VERSION = 1.0;
				PRODUCT_BUNDLE_IDENTIFIER = net.daum.u1316.partTest1;
				PRODUCT_NAME = "$(TARGET_NAME)";
				SWIFT_EMIT_LOC_STRINGS = YES;
				SWIFT_VERSION = 5.0;
				TARGETED_DEVICE_FAMILY = "1,2";
			};
			name = Debug;
		};
		ACDDC66629D0AB7300404216 /* Release */ = {
			isa = XCBuildConfiguration;
			buildSettings = {
				ASSETCATALOG_COMPILER_APPICON_NAME = AppIcon;
				ASSETCATALOG_COMPILER_GLOBAL_ACCENT_COLOR_NAME = AccentColor;
				CODE_SIGN_STYLE = Automatic;
				CURRENT_PROJECT_VERSION = 1;
				DEVELOPMENT_ASSET_PATHS = "\"partTest/Preview Content\"";
				DEVELOPMENT_TEAM = TK8FVHX9VB;
				ENABLE_PREVIEWS = YES;
				GENERATE_INFOPLIST_FILE = YES;
				INFOPLIST_KEY_UIApplicationSceneManifest_Generation = YES;
				INFOPLIST_KEY_UIApplicationSupportsIndirectInputEvents = YES;
				INFOPLIST_KEY_UILaunchScreen_Generation = YES;
				INFOPLIST_KEY_UISupportedInterfaceOrientations_iPad = "UIInterfaceOrientationPortrait UIInterfaceOrientationPortraitUpsideDown UIInterfaceOrientationLandscapeLeft UIInterfaceOrientationLandscapeRight";
				INFOPLIST_KEY_UISupportedInterfaceOrientations_iPhone = "UIInterfaceOrientationPortrait UIInterfaceOrientationLandscapeLeft UIInterfaceOrientationLandscapeRight";
				LD_RUNPATH_SEARCH_PATHS = (
					"$(inherited)",
					"@executable_path/Frameworks",
				);
				MARKETING_VERSION = 1.0;
				PRODUCT_BUNDLE_IDENTIFIER = net.daum.u1316.partTest1;
				PRODUCT_NAME = "$(TARGET_NAME)";
				SWIFT_EMIT_LOC_STRINGS = YES;
				SWIFT_VERSION = 5.0;
				TARGETED_DEVICE_FAMILY = "1,2";
			};
			name = Release;
		};
/* End XCBuildConfiguration section */

/* Begin XCConfigurationList section */
		ACDDC65129D0AB7200404216 /* Build configuration list for PBXProject "partTest" */ = {
			isa = XCConfigurationList;
			buildConfigurations = (
				ACDDC66229D0AB7300404216 /* Debug */,
				ACDDC66329D0AB7300404216 /* Release */,
			);
			defaultConfigurationIsVisible = 0;
			defaultConfigurationName = Release;
		};
		ACDDC66429D0AB7300404216 /* Build configuration list for PBXNativeTarget "partTest" */ = {
			isa = XCConfigurationList;
			buildConfigurations = (
				ACDDC66529D0AB7300404216 /* Debug */,
				ACDDC66629D0AB7300404216 /* Release */,
			);
			defaultConfigurationIsVisible = 0;
			defaultConfigurationName = Release;
		};
/* End XCConfigurationList section */
	};
	rootObject = ACDDC64E29D0AB7200404216 /* Project object */;
}
