// !$*UTF8*$!
{
	archiveVersion = 1;
	classes = {
	};
	objectVersion = 56;
	objects = {

/* Begin PBXBuildFile section */
		7E3C9DCF29D3D4980047D6D6 /* BattleSceneBackground.swift in Sources */ = {isa = PBXBuildFile; fileRef = 7E3C9DCE29D3D4980047D6D6 /* BattleSceneBackground.swift */; };
		7EBC321C29D454010052D98B /* TypeEffectModifier.swift in Sources */ = {isa = PBXBuildFile; fileRef = 7EBC321B29D454010052D98B /* TypeEffectModifier.swift */; };
		7EC6D5B729D42D860060134F /* ShakeEffect.swift in Sources */ = {isa = PBXBuildFile; fileRef = 7EC6D5B629D42D860060134F /* ShakeEffect.swift */; };
		7EC6D5B929D434560060134F /* ParticleEffect.swift in Sources */ = {isa = PBXBuildFile; fileRef = 7EC6D5B829D434560060134F /* ParticleEffect.swift */; };
		7EC8EFF429D2CC17009595D6 /* TestTestView.swift in Sources */ = {isa = PBXBuildFile; fileRef = 7EC8EFF329D2CC17009595D6 /* TestTestView.swift */; };
		7EC8EFF729D2CE7E009595D6 /* SceneData.swift in Sources */ = {isa = PBXBuildFile; fileRef = 7EC8EFF629D2CE7E009595D6 /* SceneData.swift */; };
		86AB2D0729D3DD22000F3D06 /* BackgroundVideoView.swift in Sources */ = {isa = PBXBuildFile; fileRef = 86AB2D0629D3DD22000F3D06 /* BackgroundVideoView.swift */; };
		86AB2D0929D3DD26000F3D06 /* LoopingPlayerUIView.swift in Sources */ = {isa = PBXBuildFile; fileRef = 86AB2D0829D3DD26000F3D06 /* LoopingPlayerUIView.swift */; };
		86AB2D0F29D3DF0A000F3D06 /* video.mp4 in Resources */ = {isa = PBXBuildFile; fileRef = 86AB2D0E29D3DF0A000F3D06 /* video.mp4 */; };
		AC12C02729D1DA660074C21C /* Text+Extension.swift in Sources */ = {isa = PBXBuildFile; fileRef = AC12C02629D1DA660074C21C /* Text+Extension.swift */; };
		AC12C02B29D1E7130074C21C /* BlinkingEffect.swift in Sources */ = {isa = PBXBuildFile; fileRef = AC12C02A29D1E7130074C21C /* BlinkingEffect.swift */; };
		AC12C02D29D1E77C0074C21C /* TypingEffect.swift in Sources */ = {isa = PBXBuildFile; fileRef = AC12C02C29D1E77C0074C21C /* TypingEffect.swift */; };
		ACDC653D29D217F500C6C12B /* SiriView.swift in Sources */ = {isa = PBXBuildFile; fileRef = ACDC653C29D217F500C6C12B /* SiriView.swift */; };
		ACDDC65A29D0AB7200404216 /* partTestApp.swift in Sources */ = {isa = PBXBuildFile; fileRef = ACDDC65929D0AB7200404216 /* partTestApp.swift */; };
		ACDDC65C29D0AB7200404216 /* ContentView.swift in Sources */ = {isa = PBXBuildFile; fileRef = ACDDC65B29D0AB7200404216 /* ContentView.swift */; };
		ACDDC65E29D0AB7300404216 /* Assets.xcassets in Resources */ = {isa = PBXBuildFile; fileRef = ACDDC65D29D0AB7300404216 /* Assets.xcassets */; };
		ACDDC66129D0AB7300404216 /* Preview Assets.xcassets in Resources */ = {isa = PBXBuildFile; fileRef = ACDDC66029D0AB7300404216 /* Preview Assets.xcassets */; };
/* End PBXBuildFile section */

/* Begin PBXFileReference section */
		7E3C9DCE29D3D4980047D6D6 /* BattleSceneBackground.swift */ = {isa = PBXFileReference; lastKnownFileType = sourcecode.swift; path = BattleSceneBackground.swift; sourceTree = "<group>"; };
		7EBC321B29D454010052D98B /* TypeEffectModifier.swift */ = {isa = PBXFileReference; lastKnownFileType = sourcecode.swift; path = TypeEffectModifier.swift; sourceTree = "<group>"; };
		7EC6D5B629D42D860060134F /* ShakeEffect.swift */ = {isa = PBXFileReference; lastKnownFileType = sourcecode.swift; path = ShakeEffect.swift; sourceTree = "<group>"; };
		7EC6D5B829D434560060134F /* ParticleEffect.swift */ = {isa = PBXFileReference; lastKnownFileType = sourcecode.swift; path = ParticleEffect.swift; sourceTree = "<group>"; };
		7EC8EFF329D2CC17009595D6 /* TestTestView.swift */ = {isa = PBXFileReference; lastKnownFileType = sourcecode.swift; path = TestTestView.swift; sourceTree = "<group>"; };
		7EC8EFF629D2CE7E009595D6 /* SceneData.swift */ = {isa = PBXFileReference; lastKnownFileType = sourcecode.swift; path = SceneData.swift; sourceTree = "<group>"; };
		86AB2D0629D3DD22000F3D06 /* BackgroundVideoView.swift */ = {isa = PBXFileReference; lastKnownFileType = sourcecode.swift; path = BackgroundVideoView.swift; sourceTree = "<group>"; };
		86AB2D0829D3DD26000F3D06 /* LoopingPlayerUIView.swift */ = {isa = PBXFileReference; lastKnownFileType = sourcecode.swift; path = LoopingPlayerUIView.swift; sourceTree = "<group>"; };
		86AB2D0E29D3DF0A000F3D06 /* video.mp4 */ = {isa = PBXFileReference; lastKnownFileType = file; path = video.mp4; sourceTree = "<group>"; };
		AC12C02629D1DA660074C21C /* Text+Extension.swift */ = {isa = PBXFileReference; lastKnownFileType = sourcecode.swift; path = "Text+Extension.swift"; sourceTree = "<group>"; };
		AC12C02A29D1E7130074C21C /* BlinkingEffect.swift */ = {isa = PBXFileReference; lastKnownFileType = sourcecode.swift; path = BlinkingEffect.swift; sourceTree = "<group>"; };
		AC12C02C29D1E77C0074C21C /* TypingEffect.swift */ = {isa = PBXFileReference; lastKnownFileType = sourcecode.swift; path = TypingEffect.swift; sourceTree = "<group>"; };
		ACDC653C29D217F500C6C12B /* SiriView.swift */ = {isa = PBXFileReference; lastKnownFileType = sourcecode.swift; path = SiriView.swift; sourceTree = "<group>"; };
		ACDDC65629D0AB7200404216 /* partTest.app */ = {isa = PBXFileReference; explicitFileType = wrapper.application; includeInIndex = 0; path = partTest.app; sourceTree = BUILT_PRODUCTS_DIR; };
		ACDDC65929D0AB7200404216 /* partTestApp.swift */ = {isa = PBXFileReference; lastKnownFileType = sourcecode.swift; path = partTestApp.swift; sourceTree = "<group>"; };
		ACDDC65B29D0AB7200404216 /* ContentView.swift */ = {isa = PBXFileReference; lastKnownFileType = sourcecode.swift; path = ContentView.swift; sourceTree = "<group>"; };
		ACDDC65D29D0AB7300404216 /* Assets.xcassets */ = {isa = PBXFileReference; lastKnownFileType = folder.assetcatalog; path = Assets.xcassets; sourceTree = "<group>"; };
		ACDDC66029D0AB7300404216 /* Preview Assets.xcassets */ = {isa = PBXFileReference; lastKnownFileType = folder.assetcatalog; path = "Preview Assets.xcassets"; sourceTree = "<group>"; };
/* End PBXFileReference section */

/* Begin PBXFrameworksBuildPhase section */
		ACDDC65329D0AB7200404216 /* Frameworks */ = {
			isa = PBXFrameworksBuildPhase;
			buildActionMask = 2147483647;
			files = (
			);
			runOnlyForDeploymentPostprocessing = 0;
		};
/* End PBXFrameworksBuildPhase section */

/* Begin PBXGroup section */
		7E3C9DCD29D3D4110047D6D6 /* Celan */ = {
			isa = PBXGroup;
			children = (
				7E3C9DCE29D3D4980047D6D6 /* BattleSceneBackground.swift */,
			);
			path = Celan;
			sourceTree = "<group>";
		};
		7EC8EFF529D2CE74009595D6 /* Model */ = {
			isa = PBXGroup;
			children = (
				7EC8EFF629D2CE7E009595D6 /* SceneData.swift */,
			);
			path = Model;
		86AB2D0529D3DD11000F3D06 /* Jerry */ = {
			isa = PBXGroup;
			children = (
				86AB2D0E29D3DF0A000F3D06 /* video.mp4 */,
				86AB2D0629D3DD22000F3D06 /* BackgroundVideoView.swift */,
				86AB2D0829D3DD26000F3D06 /* LoopingPlayerUIView.swift */,
			);
			path = Jerry;
			sourceTree = "<group>";
		};
		AC12C02829D1DB740074C21C /* Extension */ = {
			isa = PBXGroup;
			children = (
				AC12C02629D1DA660074C21C /* Text+Extension.swift */,
			);
			path = Extension;
			sourceTree = "<group>";
		};
		AC12C02929D1E6F20074C21C /* Effect */ = {
			isa = PBXGroup;
			children = (
				AC12C02A29D1E7130074C21C /* BlinkingEffect.swift */,
				AC12C02C29D1E77C0074C21C /* TypingEffect.swift */,
				7EC6D5B629D42D860060134F /* ShakeEffect.swift */,
				7EC6D5B829D434560060134F /* ParticleEffect.swift */,
				7EBC321B29D454010052D98B /* TypeEffectModifier.swift */,
			);
			path = Effect;
			sourceTree = "<group>";
		};
		ACDDC64D29D0AB7200404216 = {
			isa = PBXGroup;
			children = (
				ACDDC65829D0AB7200404216 /* partTest */,
				ACDDC65729D0AB7200404216 /* Products */,
			);
			sourceTree = "<group>";
		};
		ACDDC65729D0AB7200404216 /* Products */ = {
			isa = PBXGroup;
			children = (
				ACDDC65629D0AB7200404216 /* partTest.app */,
			);
			name = Products;
			sourceTree = "<group>";
		};
		ACDDC65829D0AB7200404216 /* partTest */ = {
			isa = PBXGroup;
			children = (
				7E3C9DCD29D3D4110047D6D6 /* Celan */,
				7EC8EFF529D2CE74009595D6 /* Model */,
				86AB2D0529D3DD11000F3D06 /* Jerry */,
				ACDDC65929D0AB7200404216 /* partTestApp.swift */,
				ACDDC65B29D0AB7200404216 /* ContentView.swift */,
				7EC8EFF329D2CC17009595D6 /* TestTestView.swift */,
				ACDC653C29D217F500C6C12B /* SiriView.swift */,
				AC12C02929D1E6F20074C21C /* Effect */,
				AC12C02829D1DB740074C21C /* Extension */,
				ACDDC65D29D0AB7300404216 /* Assets.xcassets */,
				ACDDC65F29D0AB7300404216 /* Preview Content */,
			);
			path = partTest;
			sourceTree = "<group>";
		};
		ACDDC65F29D0AB7300404216 /* Preview Content */ = {
			isa = PBXGroup;
			children = (
				ACDDC66029D0AB7300404216 /* Preview Assets.xcassets */,
			);
			path = "Preview Content";
			sourceTree = "<group>";
		};
/* End PBXGroup section */

/* Begin PBXNativeTarget section */
		ACDDC65529D0AB7200404216 /* partTest */ = {
			isa = PBXNativeTarget;
			buildConfigurationList = ACDDC66429D0AB7300404216 /* Build configuration list for PBXNativeTarget "partTest" */;
			buildPhases = (
				ACDDC65229D0AB7200404216 /* Sources */,
				ACDDC65329D0AB7200404216 /* Frameworks */,
				ACDDC65429D0AB7200404216 /* Resources */,
			);
			buildRules = (
			);
			dependencies = (
			);
			name = partTest;
			packageProductDependencies = (
			);
			productName = partTest;
			productReference = ACDDC65629D0AB7200404216 /* partTest.app */;
			productType = "com.apple.product-type.application";
		};
/* End PBXNativeTarget section */

/* Begin PBXProject section */
		ACDDC64E29D0AB7200404216 /* Project object */ = {
			isa = PBXProject;
			attributes = {
				BuildIndependentTargetsInParallel = 1;
				LastSwiftUpdateCheck = 1420;
				LastUpgradeCheck = 1420;
				TargetAttributes = {
					ACDDC65529D0AB7200404216 = {
						CreatedOnToolsVersion = 14.2;
					};
				};
			};
			buildConfigurationList = ACDDC65129D0AB7200404216 /* Build configuration list for PBXProject "partTest" */;
			compatibilityVersion = "Xcode 14.0";
			developmentRegion = en;
			hasScannedForEncodings = 0;
			knownRegions = (
				en,
				Base,
			);
			mainGroup = ACDDC64D29D0AB7200404216;
			packageReferences = (
			);
			productRefGroup = ACDDC65729D0AB7200404216 /* Products */;
			projectDirPath = "";
			projectRoot = "";
			targets = (
				ACDDC65529D0AB7200404216 /* partTest */,
			);
		};
/* End PBXProject section */

/* Begin PBXResourcesBuildPhase section */
		ACDDC65429D0AB7200404216 /* Resources */ = {
			isa = PBXResourcesBuildPhase;
			buildActionMask = 2147483647;
			files = (
				ACDDC66129D0AB7300404216 /* Preview Assets.xcassets in Resources */,
				86AB2D0F29D3DF0A000F3D06 /* video.mp4 in Resources */,
				ACDDC65E29D0AB7300404216 /* Assets.xcassets in Resources */,
			);
			runOnlyForDeploymentPostprocessing = 0;
		};
/* End PBXResourcesBuildPhase section */

/* Begin PBXSourcesBuildPhase section */
		ACDDC65229D0AB7200404216 /* Sources */ = {
			isa = PBXSourcesBuildPhase;
			buildActionMask = 2147483647;
			files = (
				86AB2D0729D3DD22000F3D06 /* BackgroundVideoView.swift in Sources */,
				ACDDC65C29D0AB7200404216 /* ContentView.swift in Sources */,
				AC12C02729D1DA660074C21C /* Text+Extension.swift in Sources */,
				7EC8EFF729D2CE7E009595D6 /* SceneData.swift in Sources */,
				7EC6D5B729D42D860060134F /* ShakeEffect.swift in Sources */,
				7E3C9DCF29D3D4980047D6D6 /* BattleSceneBackground.swift in Sources */,
				AC12C02B29D1E7130074C21C /* BlinkingEffect.swift in Sources */,
				7EC8EFF429D2CC17009595D6 /* TestTestView.swift in Sources */,
				86AB2D0929D3DD26000F3D06 /* LoopingPlayerUIView.swift in Sources */,
				AC12C02D29D1E77C0074C21C /* TypingEffect.swift in Sources */,
				7EBC321C29D454010052D98B /* TypeEffectModifier.swift in Sources */,
				ACDDC65A29D0AB7200404216 /* partTestApp.swift in Sources */,
				7EC6D5B929D434560060134F /* ParticleEffect.swift in Sources */,
				ACDC653D29D217F500C6C12B /* SiriView.swift in Sources */,
			);
			runOnlyForDeploymentPostprocessing = 0;
		};
/* End PBXSourcesBuildPhase section */

/* Begin XCBuildConfiguration section */
		ACDDC66229D0AB7300404216 /* Debug */ = {
			isa = XCBuildConfiguration;
			buildSettings = {
				ALWAYS_SEARCH_USER_PATHS = NO;
				CLANG_ANALYZER_NONNULL = YES;
				CLANG_ANALYZER_NUMBER_OBJECT_CONVERSION = YES_AGGRESSIVE;
				CLANG_CXX_LANGUAGE_STANDARD = "gnu++20";
				CLANG_ENABLE_MODULES = YES;
				CLANG_ENABLE_OBJC_ARC = YES;
				CLANG_ENABLE_OBJC_WEAK = YES;
				CLANG_WARN_BLOCK_CAPTURE_AUTORELEASING = YES;
				CLANG_WARN_BOOL_CONVERSION = YES;
				CLANG_WARN_COMMA = YES;
				CLANG_WARN_CONSTANT_CONVERSION = YES;
				CLANG_WARN_DEPRECATED_OBJC_IMPLEMENTATIONS = YES;
				CLANG_WARN_DIRECT_OBJC_ISA_USAGE = YES_ERROR;
				CLANG_WARN_DOCUMENTATION_COMMENTS = YES;
				CLANG_WARN_EMPTY_BODY = YES;
				CLANG_WARN_ENUM_CONVERSION = YES;
				CLANG_WARN_INFINITE_RECURSION = YES;
				CLANG_WARN_INT_CONVERSION = YES;
				CLANG_WARN_NON_LITERAL_NULL_CONVERSION = YES;
				CLANG_WARN_OBJC_IMPLICIT_RETAIN_SELF = YES;
				CLANG_WARN_OBJC_LITERAL_CONVERSION = YES;
				CLANG_WARN_OBJC_ROOT_CLASS = YES_ERROR;
				CLANG_WARN_QUOTED_INCLUDE_IN_FRAMEWORK_HEADER = YES;
				CLANG_WARN_RANGE_LOOP_ANALYSIS = YES;
				CLANG_WARN_STRICT_PROTOTYPES = YES;
				CLANG_WARN_SUSPICIOUS_MOVE = YES;
				CLANG_WARN_UNGUARDED_AVAILABILITY = YES_AGGRESSIVE;
				CLANG_WARN_UNREACHABLE_CODE = YES;
				CLANG_WARN__DUPLICATE_METHOD_MATCH = YES;
				COPY_PHASE_STRIP = NO;
				DEBUG_INFORMATION_FORMAT = dwarf;
				ENABLE_STRICT_OBJC_MSGSEND = YES;
				ENABLE_TESTABILITY = YES;
				GCC_C_LANGUAGE_STANDARD = gnu11;
				GCC_DYNAMIC_NO_PIC = NO;
				GCC_NO_COMMON_BLOCKS = YES;
				GCC_OPTIMIZATION_LEVEL = 0;
				GCC_PREPROCESSOR_DEFINITIONS = (
					"DEBUG=1",
					"$(inherited)",
				);
				GCC_WARN_64_TO_32_BIT_CONVERSION = YES;
				GCC_WARN_ABOUT_RETURN_TYPE = YES_ERROR;
				GCC_WARN_UNDECLARED_SELECTOR = YES;
				GCC_WARN_UNINITIALIZED_AUTOS = YES_AGGRESSIVE;
				GCC_WARN_UNUSED_FUNCTION = YES;
				GCC_WARN_UNUSED_VARIABLE = YES;
				IPHONEOS_DEPLOYMENT_TARGET = 16.2;
				MTL_ENABLE_DEBUG_INFO = INCLUDE_SOURCE;
				MTL_FAST_MATH = YES;
				ONLY_ACTIVE_ARCH = YES;
				SDKROOT = iphoneos;
				SWIFT_ACTIVE_COMPILATION_CONDITIONS = DEBUG;
				SWIFT_OPTIMIZATION_LEVEL = "-Onone";
			};
			name = Debug;
		};
		ACDDC66329D0AB7300404216 /* Release */ = {
			isa = XCBuildConfiguration;
			buildSettings = {
				ALWAYS_SEARCH_USER_PATHS = NO;
				CLANG_ANALYZER_NONNULL = YES;
				CLANG_ANALYZER_NUMBER_OBJECT_CONVERSION = YES_AGGRESSIVE;
				CLANG_CXX_LANGUAGE_STANDARD = "gnu++20";
				CLANG_ENABLE_MODULES = YES;
				CLANG_ENABLE_OBJC_ARC = YES;
				CLANG_ENABLE_OBJC_WEAK = YES;
				CLANG_WARN_BLOCK_CAPTURE_AUTORELEASING = YES;
				CLANG_WARN_BOOL_CONVERSION = YES;
				CLANG_WARN_COMMA = YES;
				CLANG_WARN_CONSTANT_CONVERSION = YES;
				CLANG_WARN_DEPRECATED_OBJC_IMPLEMENTATIONS = YES;
				CLANG_WARN_DIRECT_OBJC_ISA_USAGE = YES_ERROR;
				CLANG_WARN_DOCUMENTATION_COMMENTS = YES;
				CLANG_WARN_EMPTY_BODY = YES;
				CLANG_WARN_ENUM_CONVERSION = YES;
				CLANG_WARN_INFINITE_RECURSION = YES;
				CLANG_WARN_INT_CONVERSION = YES;
				CLANG_WARN_NON_LITERAL_NULL_CONVERSION = YES;
				CLANG_WARN_OBJC_IMPLICIT_RETAIN_SELF = YES;
				CLANG_WARN_OBJC_LITERAL_CONVERSION = YES;
				CLANG_WARN_OBJC_ROOT_CLASS = YES_ERROR;
				CLANG_WARN_QUOTED_INCLUDE_IN_FRAMEWORK_HEADER = YES;
				CLANG_WARN_RANGE_LOOP_ANALYSIS = YES;
				CLANG_WARN_STRICT_PROTOTYPES = YES;
				CLANG_WARN_SUSPICIOUS_MOVE = YES;
				CLANG_WARN_UNGUARDED_AVAILABILITY = YES_AGGRESSIVE;
				CLANG_WARN_UNREACHABLE_CODE = YES;
				CLANG_WARN__DUPLICATE_METHOD_MATCH = YES;
				COPY_PHASE_STRIP = NO;
				DEBUG_INFORMATION_FORMAT = "dwarf-with-dsym";
				ENABLE_NS_ASSERTIONS = NO;
				ENABLE_STRICT_OBJC_MSGSEND = YES;
				GCC_C_LANGUAGE_STANDARD = gnu11;
				GCC_NO_COMMON_BLOCKS = YES;
				GCC_WARN_64_TO_32_BIT_CONVERSION = YES;
				GCC_WARN_ABOUT_RETURN_TYPE = YES_ERROR;
				GCC_WARN_UNDECLARED_SELECTOR = YES;
				GCC_WARN_UNINITIALIZED_AUTOS = YES_AGGRESSIVE;
				GCC_WARN_UNUSED_FUNCTION = YES;
				GCC_WARN_UNUSED_VARIABLE = YES;
				IPHONEOS_DEPLOYMENT_TARGET = 16.2;
				MTL_ENABLE_DEBUG_INFO = NO;
				MTL_FAST_MATH = YES;
				SDKROOT = iphoneos;
				SWIFT_COMPILATION_MODE = wholemodule;
				SWIFT_OPTIMIZATION_LEVEL = "-O";
				VALIDATE_PRODUCT = YES;
			};
			name = Release;
		};
		ACDDC66529D0AB7300404216 /* Debug */ = {
			isa = XCBuildConfiguration;
			buildSettings = {
				ASSETCATALOG_COMPILER_APPICON_NAME = AppIcon;
				ASSETCATALOG_COMPILER_GLOBAL_ACCENT_COLOR_NAME = AccentColor;
				CODE_SIGN_STYLE = Automatic;
				CURRENT_PROJECT_VERSION = 1;
				DEVELOPMENT_ASSET_PATHS = "\"partTest/Preview Content\"";
				DEVELOPMENT_TEAM = TK8FVHX9VB;
				ENABLE_PREVIEWS = YES;
				GENERATE_INFOPLIST_FILE = YES;
				INFOPLIST_KEY_UIApplicationSceneManifest_Generation = YES;
				INFOPLIST_KEY_UIApplicationSupportsIndirectInputEvents = YES;
				INFOPLIST_KEY_UILaunchScreen_Generation = YES;
				INFOPLIST_KEY_UISupportedInterfaceOrientations_iPad = "UIInterfaceOrientationPortrait UIInterfaceOrientationPortraitUpsideDown UIInterfaceOrientationLandscapeLeft UIInterfaceOrientationLandscapeRight";
				INFOPLIST_KEY_UISupportedInterfaceOrientations_iPhone = "UIInterfaceOrientationPortrait UIInterfaceOrientationLandscapeLeft UIInterfaceOrientationLandscapeRight";
				LD_RUNPATH_SEARCH_PATHS = (
					"$(inherited)",
					"@executable_path/Frameworks",
				);
				MARKETING_VERSION = 1.0;
				PRODUCT_BUNDLE_IDENTIFIER = net.daum.u1316.partTest1;
				PRODUCT_NAME = "$(TARGET_NAME)";
				SWIFT_EMIT_LOC_STRINGS = YES;
				SWIFT_VERSION = 5.0;
				TARGETED_DEVICE_FAMILY = "1,2";
			};
			name = Debug;
		};
		ACDDC66629D0AB7300404216 /* Release */ = {
			isa = XCBuildConfiguration;
			buildSettings = {
				ASSETCATALOG_COMPILER_APPICON_NAME = AppIcon;
				ASSETCATALOG_COMPILER_GLOBAL_ACCENT_COLOR_NAME = AccentColor;
				CODE_SIGN_STYLE = Automatic;
				CURRENT_PROJECT_VERSION = 1;
				DEVELOPMENT_ASSET_PATHS = "\"partTest/Preview Content\"";
				DEVELOPMENT_TEAM = TK8FVHX9VB;
				ENABLE_PREVIEWS = YES;
				GENERATE_INFOPLIST_FILE = YES;
				INFOPLIST_KEY_UIApplicationSceneManifest_Generation = YES;
				INFOPLIST_KEY_UIApplicationSupportsIndirectInputEvents = YES;
				INFOPLIST_KEY_UILaunchScreen_Generation = YES;
				INFOPLIST_KEY_UISupportedInterfaceOrientations_iPad = "UIInterfaceOrientationPortrait UIInterfaceOrientationPortraitUpsideDown UIInterfaceOrientationLandscapeLeft UIInterfaceOrientationLandscapeRight";
				INFOPLIST_KEY_UISupportedInterfaceOrientations_iPhone = "UIInterfaceOrientationPortrait UIInterfaceOrientationLandscapeLeft UIInterfaceOrientationLandscapeRight";
				LD_RUNPATH_SEARCH_PATHS = (
					"$(inherited)",
					"@executable_path/Frameworks",
				);
				MARKETING_VERSION = 1.0;
				PRODUCT_BUNDLE_IDENTIFIER = net.daum.u1316.partTest1;
				PRODUCT_NAME = "$(TARGET_NAME)";
				SWIFT_EMIT_LOC_STRINGS = YES;
				SWIFT_VERSION = 5.0;
				TARGETED_DEVICE_FAMILY = "1,2";
			};
			name = Release;
		};
/* End XCBuildConfiguration section */

/* Begin XCConfigurationList section */
		ACDDC65129D0AB7200404216 /* Build configuration list for PBXProject "partTest" */ = {
			isa = XCConfigurationList;
			buildConfigurations = (
				ACDDC66229D0AB7300404216 /* Debug */,
				ACDDC66329D0AB7300404216 /* Release */,
			);
			defaultConfigurationIsVisible = 0;
			defaultConfigurationName = Release;
		};
		ACDDC66429D0AB7300404216 /* Build configuration list for PBXNativeTarget "partTest" */ = {
			isa = XCConfigurationList;
			buildConfigurations = (
				ACDDC66529D0AB7300404216 /* Debug */,
				ACDDC66629D0AB7300404216 /* Release */,
			);
			defaultConfigurationIsVisible = 0;
			defaultConfigurationName = Release;
		};
/* End XCConfigurationList section */
	};
	rootObject = ACDDC64E29D0AB7200404216 /* Project object */;
}
